// !$*UTF8*$!
{
	archiveVersion = 1;
	classes = {
	};
	objectVersion = 51;
	objects = {

/* Begin PBXBuildFile section */
		211BDA962787F9AB003D1FDC /* Main.storyboard in Resources */ = {isa = PBXBuildFile; fileRef = 211BDA952787F9AB003D1FDC /* Main.storyboard */; };
		211BDA982787F9D6003D1FDC /* LaunchScreen.storyboard in Resources */ = {isa = PBXBuildFile; fileRef = 211BDA972787F9D6003D1FDC /* LaunchScreen.storyboard */; };
		211CD56026916A7A001235CC /* GoogleService-Info.plist in Resources */ = {isa = PBXBuildFile; fileRef = 211CD55F26916A7A001235CC /* GoogleService-Info.plist */; };
		216A7BBC2787F237007DD3D7 /* ColorSelectViewController.swift in Sources */ = {isa = PBXBuildFile; fileRef = 216A7BB12787F237007DD3D7 /* ColorSelectViewController.swift */; };
		216A7BBD2787F237007DD3D7 /* AddLocationViewController.swift in Sources */ = {isa = PBXBuildFile; fileRef = 216A7BB22787F237007DD3D7 /* AddLocationViewController.swift */; };
		216A7BBE2787F237007DD3D7 /* AddProductViewController.swift in Sources */ = {isa = PBXBuildFile; fileRef = 216A7BB32787F237007DD3D7 /* AddProductViewController.swift */; };
		216A7BBF2787F238007DD3D7 /* LocationsViewController.swift in Sources */ = {isa = PBXBuildFile; fileRef = 216A7BB52787F237007DD3D7 /* LocationsViewController.swift */; };
		216A7BC02787F238007DD3D7 /* ProductsViewController.swift in Sources */ = {isa = PBXBuildFile; fileRef = 216A7BB62787F237007DD3D7 /* ProductsViewController.swift */; };
		216A7BC12787F238007DD3D7 /* MainViewController.swift in Sources */ = {isa = PBXBuildFile; fileRef = 216A7BB72787F237007DD3D7 /* MainViewController.swift */; };
		216A7BC22787F238007DD3D7 /* CasesViewController.swift in Sources */ = {isa = PBXBuildFile; fileRef = 216A7BB82787F237007DD3D7 /* CasesViewController.swift */; };
		216A7BC32787F238007DD3D7 /* ThemeSelectViewController.swift in Sources */ = {isa = PBXBuildFile; fileRef = 216A7BBA2787F237007DD3D7 /* ThemeSelectViewController.swift */; };
		216A7BC42787F238007DD3D7 /* SettingsViewController.swift in Sources */ = {isa = PBXBuildFile; fileRef = 216A7BBB2787F237007DD3D7 /* SettingsViewController.swift */; };
		216A7BC62787F263007DD3D7 /* CreateAccountViewController.swift in Sources */ = {isa = PBXBuildFile; fileRef = 216A7BC52787F263007DD3D7 /* CreateAccountViewController.swift */; };
		216A7BC82787F269007DD3D7 /* LoginViewController.swift in Sources */ = {isa = PBXBuildFile; fileRef = 216A7BC72787F269007DD3D7 /* LoginViewController.swift */; };
		216A7BD62787F277007DD3D7 /* CaseTable.swift in Sources */ = {isa = PBXBuildFile; fileRef = 216A7BCB2787F277007DD3D7 /* CaseTable.swift */; };
		216A7BD72787F277007DD3D7 /* SubmenuView.swift in Sources */ = {isa = PBXBuildFile; fileRef = 216A7BCC2787F277007DD3D7 /* SubmenuView.swift */; };
		216A7BD82787F277007DD3D7 /* HistoryTable.swift in Sources */ = {isa = PBXBuildFile; fileRef = 216A7BCD2787F277007DD3D7 /* HistoryTable.swift */; };
		216A7BD92787F277007DD3D7 /* PopUpMenuView.swift in Sources */ = {isa = PBXBuildFile; fileRef = 216A7BCE2787F277007DD3D7 /* PopUpMenuView.swift */; };
		216A7BDA2787F277007DD3D7 /* SelectionView.swift in Sources */ = {isa = PBXBuildFile; fileRef = 216A7BCF2787F277007DD3D7 /* SelectionView.swift */; };
		216A7BDB2787F277007DD3D7 /* ToolbarView.swift in Sources */ = {isa = PBXBuildFile; fileRef = 216A7BD02787F277007DD3D7 /* ToolbarView.swift */; };
		216A7BDC2787F277007DD3D7 /* ProductManager.swift in Sources */ = {isa = PBXBuildFile; fileRef = 216A7BD22787F277007DD3D7 /* ProductManager.swift */; };
		216A7BDD2787F277007DD3D7 /* CaseManager.swift in Sources */ = {isa = PBXBuildFile; fileRef = 216A7BD32787F277007DD3D7 /* CaseManager.swift */; };
		216A7BDE2787F277007DD3D7 /* LocationManager.swift in Sources */ = {isa = PBXBuildFile; fileRef = 216A7BD42787F277007DD3D7 /* LocationManager.swift */; };
		216A7BDF2787F277007DD3D7 /* HistoryManager.swift in Sources */ = {isa = PBXBuildFile; fileRef = 216A7BD52787F277007DD3D7 /* HistoryManager.swift */; };
		216A7BE52787F293007DD3D7 /* CaseModel.swift in Sources */ = {isa = PBXBuildFile; fileRef = 216A7BE12787F293007DD3D7 /* CaseModel.swift */; };
		216A7BE62787F293007DD3D7 /* HistoryModel.swift in Sources */ = {isa = PBXBuildFile; fileRef = 216A7BE22787F293007DD3D7 /* HistoryModel.swift */; };
		216A7BE72787F293007DD3D7 /* LocationModel.swift in Sources */ = {isa = PBXBuildFile; fileRef = 216A7BE32787F293007DD3D7 /* LocationModel.swift */; };
		216A7BE82787F293007DD3D7 /* ProductModel.swift in Sources */ = {isa = PBXBuildFile; fileRef = 216A7BE42787F293007DD3D7 /* ProductModel.swift */; };
		216A7BF42787F2B1007DD3D7 /* TitleCell.swift in Sources */ = {isa = PBXBuildFile; fileRef = 216A7BEA2787F2B1007DD3D7 /* TitleCell.swift */; };
		216A7BF52787F2B1007DD3D7 /* SettingsCell.swift in Sources */ = {isa = PBXBuildFile; fileRef = 216A7BEB2787F2B1007DD3D7 /* SettingsCell.swift */; };
		216A7BF62787F2B1007DD3D7 /* TextFieldCell.swift in Sources */ = {isa = PBXBuildFile; fileRef = 216A7BEC2787F2B1007DD3D7 /* TextFieldCell.swift */; };
		216A7BF72787F2B1007DD3D7 /* SelectionCell.swift in Sources */ = {isa = PBXBuildFile; fileRef = 216A7BED2787F2B1007DD3D7 /* SelectionCell.swift */; };
		216A7BF82787F2B1007DD3D7 /* SettingsSwitchCell.swift in Sources */ = {isa = PBXBuildFile; fileRef = 216A7BEE2787F2B1007DD3D7 /* SettingsSwitchCell.swift */; };
		216A7BF92787F2B1007DD3D7 /* ButtonCell.swift in Sources */ = {isa = PBXBuildFile; fileRef = 216A7BEF2787F2B1007DD3D7 /* ButtonCell.swift */; };
		216A7BFA2787F2B2007DD3D7 /* CaseCell.swift in Sources */ = {isa = PBXBuildFile; fileRef = 216A7BF02787F2B1007DD3D7 /* CaseCell.swift */; };
		216A7BFB2787F2B2007DD3D7 /* HistoryCell.swift in Sources */ = {isa = PBXBuildFile; fileRef = 216A7BF12787F2B1007DD3D7 /* HistoryCell.swift */; };
		216A7BFC2787F2B2007DD3D7 /* SelectionHeader.swift in Sources */ = {isa = PBXBuildFile; fileRef = 216A7BF22787F2B1007DD3D7 /* SelectionHeader.swift */; };
		216A7BFD2787F2B2007DD3D7 /* ExpandingTFCell.swift in Sources */ = {isa = PBXBuildFile; fileRef = 216A7BF32787F2B1007DD3D7 /* ExpandingTFCell.swift */; };
		216A7C012787F2BD007DD3D7 /* PickerTextField.swift in Sources */ = {isa = PBXBuildFile; fileRef = 216A7BFF2787F2BD007DD3D7 /* PickerTextField.swift */; };
		216A7C022787F2BD007DD3D7 /* LoadingView.swift in Sources */ = {isa = PBXBuildFile; fileRef = 216A7C002787F2BD007DD3D7 /* LoadingView.swift */; };
		216A7C072787F2CD007DD3D7 /* TableCellProtocols.swift in Sources */ = {isa = PBXBuildFile; fileRef = 216A7C042787F2CD007DD3D7 /* TableCellProtocols.swift */; };
		216A7C082787F2CD007DD3D7 /* MediatorProtocol.swift in Sources */ = {isa = PBXBuildFile; fileRef = 216A7C052787F2CD007DD3D7 /* MediatorProtocol.swift */; };
		216A7C092787F2CD007DD3D7 /* ColleagueProtocol.swift in Sources */ = {isa = PBXBuildFile; fileRef = 216A7C062787F2CD007DD3D7 /* ColleagueProtocol.swift */; };
		216A7C102787F2DB007DD3D7 /* ViewExtensions.swift in Sources */ = {isa = PBXBuildFile; fileRef = 216A7C0B2787F2DB007DD3D7 /* ViewExtensions.swift */; };
		216A7C112787F2DB007DD3D7 /* ViewControllerExtensions.swift in Sources */ = {isa = PBXBuildFile; fileRef = 216A7C0C2787F2DB007DD3D7 /* ViewControllerExtensions.swift */; };
		216A7C122787F2DB007DD3D7 /* ButtonExtensions.swift in Sources */ = {isa = PBXBuildFile; fileRef = 216A7C0D2787F2DB007DD3D7 /* ButtonExtensions.swift */; };
		216A7C132787F2DB007DD3D7 /* OtherExtensions.swift in Sources */ = {isa = PBXBuildFile; fileRef = 216A7C0E2787F2DB007DD3D7 /* OtherExtensions.swift */; };
		216A7C142787F2DB007DD3D7 /* TextfieldExtensions.swift in Sources */ = {isa = PBXBuildFile; fileRef = 216A7C0F2787F2DB007DD3D7 /* TextfieldExtensions.swift */; };
		216A7C1C2787F2E3007DD3D7 /* Constants.swift in Sources */ = {isa = PBXBuildFile; fileRef = 216A7C162787F2E3007DD3D7 /* Constants.swift */; };
		216A7C1D2787F2E3007DD3D7 /* UserDefault.swift in Sources */ = {isa = PBXBuildFile; fileRef = 216A7C172787F2E3007DD3D7 /* UserDefault.swift */; };
		216A7C1E2787F2E3007DD3D7 /* ColorThemes.swift in Sources */ = {isa = PBXBuildFile; fileRef = 216A7C182787F2E3007DD3D7 /* ColorThemes.swift */; };
		216A7C1F2787F2E3007DD3D7 /* UIView+Borders.swift in Sources */ = {isa = PBXBuildFile; fileRef = 216A7C1A2787F2E3007DD3D7 /* UIView+Borders.swift */; };
		216A7C202787F2E3007DD3D7 /* HexColors.swift in Sources */ = {isa = PBXBuildFile; fileRef = 216A7C1B2787F2E3007DD3D7 /* HexColors.swift */; };
		216A7C272787F2F1007DD3D7 /* loadingBox.json in Resources */ = {isa = PBXBuildFile; fileRef = 216A7C222787F2F1007DD3D7 /* loadingBox.json */; };
		216A7C282787F2F1007DD3D7 /* noWiFi.json in Resources */ = {isa = PBXBuildFile; fileRef = 216A7C232787F2F1007DD3D7 /* noWiFi.json */; };
		216A7C292787F2F1007DD3D7 /* orangeAlert.json in Resources */ = {isa = PBXBuildFile; fileRef = 216A7C242787F2F1007DD3D7 /* orangeAlert.json */; };
		216A7C2A2787F2F1007DD3D7 /* expiredAlert.json in Resources */ = {isa = PBXBuildFile; fileRef = 216A7C252787F2F1007DD3D7 /* expiredAlert.json */; };
		216A7C2B2787F2F1007DD3D7 /* redAlert.json in Resources */ = {isa = PBXBuildFile; fileRef = 216A7C262787F2F1007DD3D7 /* redAlert.json */; };
		216A7C2D2787F314007DD3D7 /* README.md in Resources */ = {isa = PBXBuildFile; fileRef = 216A7C2C2787F314007DD3D7 /* README.md */; };
		21D2978D269163BD004D7031 /* AppDelegate.swift in Sources */ = {isa = PBXBuildFile; fileRef = 21D2978C269163BD004D7031 /* AppDelegate.swift */; };
		21D2978F269163BD004D7031 /* SceneDelegate.swift in Sources */ = {isa = PBXBuildFile; fileRef = 21D2978E269163BD004D7031 /* SceneDelegate.swift */; };
		21D29796269163C5004D7031 /* Assets.xcassets in Resources */ = {isa = PBXBuildFile; fileRef = 21D29795269163C5004D7031 /* Assets.xcassets */; };
		21D29799269163C5004D7031 /* LaunchScreen.storyboard in Resources */ = {isa = PBXBuildFile; fileRef = 21D29797269163C5004D7031 /* LaunchScreen.storyboard */; };
		27C4CE845FAA67A80B9D4735 /* Pods_StockSafe.framework in Frameworks */ = {isa = PBXBuildFile; fileRef = AB09A9FDFD1F2ADD274F9696 /* Pods_StockSafe.framework */; };
/* End PBXBuildFile section */

/* Begin PBXFileReference section */
		1C99A6E2AE47987EB7CA739A /* Pods_StockSafe.framework */ = {isa = PBXFileReference; explicitFileType = wrapper.framework; includeInIndex = 0; path = Pods_StockSafe.framework; sourceTree = BUILT_PRODUCTS_DIR; };
		1FE4D793CA09EAEADFDEC082 /* Pods-StockSafe.debug.xcconfig */ = {isa = PBXFileReference; includeInIndex = 1; lastKnownFileType = text.xcconfig; name = "Pods-StockSafe.debug.xcconfig"; path = "Target Support Files/Pods-StockSafe/Pods-StockSafe.debug.xcconfig"; sourceTree = "<group>"; };
		211BDA952787F9AB003D1FDC /* Main.storyboard */ = {isa = PBXFileReference; fileEncoding = 4; lastKnownFileType = file.storyboard; path = Main.storyboard; sourceTree = "<group>"; };
		211BDA972787F9D6003D1FDC /* LaunchScreen.storyboard */ = {isa = PBXFileReference; fileEncoding = 4; lastKnownFileType = file.storyboard; path = LaunchScreen.storyboard; sourceTree = "<group>"; };
		211CD55F26916A7A001235CC /* GoogleService-Info.plist */ = {isa = PBXFileReference; fileEncoding = 4; lastKnownFileType = text.plist.xml; path = "GoogleService-Info.plist"; sourceTree = "<group>"; };
		211CD56126916C58001235CC /* absl.framework */ = {isa = PBXFileReference; explicitFileType = wrapper.framework; name = absl.framework; path = "/Users/davidjabech/Library/Developer/Xcode/DerivedData/StockSafe-ccwfnnxymhmdveelsuopmdlflzmm/Build/Products/Debug-iphoneos/abseil/absl.framework"; sourceTree = "<absolute>"; };
		216A7BB12787F237007DD3D7 /* ColorSelectViewController.swift */ = {isa = PBXFileReference; fileEncoding = 4; lastKnownFileType = sourcecode.swift; path = ColorSelectViewController.swift; sourceTree = "<group>"; };
		216A7BB22787F237007DD3D7 /* AddLocationViewController.swift */ = {isa = PBXFileReference; fileEncoding = 4; lastKnownFileType = sourcecode.swift; path = AddLocationViewController.swift; sourceTree = "<group>"; };
		216A7BB32787F237007DD3D7 /* AddProductViewController.swift */ = {isa = PBXFileReference; fileEncoding = 4; lastKnownFileType = sourcecode.swift; path = AddProductViewController.swift; sourceTree = "<group>"; };
		216A7BB52787F237007DD3D7 /* LocationsViewController.swift */ = {isa = PBXFileReference; fileEncoding = 4; lastKnownFileType = sourcecode.swift; path = LocationsViewController.swift; sourceTree = "<group>"; };
		216A7BB62787F237007DD3D7 /* ProductsViewController.swift */ = {isa = PBXFileReference; fileEncoding = 4; lastKnownFileType = sourcecode.swift; path = ProductsViewController.swift; sourceTree = "<group>"; };
		216A7BB72787F237007DD3D7 /* MainViewController.swift */ = {isa = PBXFileReference; fileEncoding = 4; lastKnownFileType = sourcecode.swift; path = MainViewController.swift; sourceTree = "<group>"; };
		216A7BB82787F237007DD3D7 /* CasesViewController.swift */ = {isa = PBXFileReference; fileEncoding = 4; lastKnownFileType = sourcecode.swift; path = CasesViewController.swift; sourceTree = "<group>"; };
		216A7BBA2787F237007DD3D7 /* ThemeSelectViewController.swift */ = {isa = PBXFileReference; fileEncoding = 4; lastKnownFileType = sourcecode.swift; path = ThemeSelectViewController.swift; sourceTree = "<group>"; };
		216A7BBB2787F237007DD3D7 /* SettingsViewController.swift */ = {isa = PBXFileReference; fileEncoding = 4; lastKnownFileType = sourcecode.swift; path = SettingsViewController.swift; sourceTree = "<group>"; };
		216A7BC52787F263007DD3D7 /* CreateAccountViewController.swift */ = {isa = PBXFileReference; fileEncoding = 4; lastKnownFileType = sourcecode.swift; path = CreateAccountViewController.swift; sourceTree = "<group>"; };
		216A7BC72787F269007DD3D7 /* LoginViewController.swift */ = {isa = PBXFileReference; fileEncoding = 4; lastKnownFileType = sourcecode.swift; path = LoginViewController.swift; sourceTree = "<group>"; };
		216A7BCB2787F277007DD3D7 /* CaseTable.swift */ = {isa = PBXFileReference; fileEncoding = 4; lastKnownFileType = sourcecode.swift; path = CaseTable.swift; sourceTree = "<group>"; };
		216A7BCC2787F277007DD3D7 /* SubmenuView.swift */ = {isa = PBXFileReference; fileEncoding = 4; lastKnownFileType = sourcecode.swift; path = SubmenuView.swift; sourceTree = "<group>"; };
		216A7BCD2787F277007DD3D7 /* HistoryTable.swift */ = {isa = PBXFileReference; fileEncoding = 4; lastKnownFileType = sourcecode.swift; path = HistoryTable.swift; sourceTree = "<group>"; };
		216A7BCE2787F277007DD3D7 /* PopUpMenuView.swift */ = {isa = PBXFileReference; fileEncoding = 4; lastKnownFileType = sourcecode.swift; path = PopUpMenuView.swift; sourceTree = "<group>"; };
		216A7BCF2787F277007DD3D7 /* SelectionView.swift */ = {isa = PBXFileReference; fileEncoding = 4; lastKnownFileType = sourcecode.swift; path = SelectionView.swift; sourceTree = "<group>"; };
		216A7BD02787F277007DD3D7 /* ToolbarView.swift */ = {isa = PBXFileReference; fileEncoding = 4; lastKnownFileType = sourcecode.swift; path = ToolbarView.swift; sourceTree = "<group>"; };
		216A7BD22787F277007DD3D7 /* ProductManager.swift */ = {isa = PBXFileReference; fileEncoding = 4; lastKnownFileType = sourcecode.swift; path = ProductManager.swift; sourceTree = "<group>"; };
		216A7BD32787F277007DD3D7 /* CaseManager.swift */ = {isa = PBXFileReference; fileEncoding = 4; lastKnownFileType = sourcecode.swift; path = CaseManager.swift; sourceTree = "<group>"; };
		216A7BD42787F277007DD3D7 /* LocationManager.swift */ = {isa = PBXFileReference; fileEncoding = 4; lastKnownFileType = sourcecode.swift; path = LocationManager.swift; sourceTree = "<group>"; };
		216A7BD52787F277007DD3D7 /* HistoryManager.swift */ = {isa = PBXFileReference; fileEncoding = 4; lastKnownFileType = sourcecode.swift; path = HistoryManager.swift; sourceTree = "<group>"; };
		216A7BE12787F293007DD3D7 /* CaseModel.swift */ = {isa = PBXFileReference; fileEncoding = 4; lastKnownFileType = sourcecode.swift; path = CaseModel.swift; sourceTree = "<group>"; };
		216A7BE22787F293007DD3D7 /* HistoryModel.swift */ = {isa = PBXFileReference; fileEncoding = 4; lastKnownFileType = sourcecode.swift; path = HistoryModel.swift; sourceTree = "<group>"; };
		216A7BE32787F293007DD3D7 /* LocationModel.swift */ = {isa = PBXFileReference; fileEncoding = 4; lastKnownFileType = sourcecode.swift; path = LocationModel.swift; sourceTree = "<group>"; };
		216A7BE42787F293007DD3D7 /* ProductModel.swift */ = {isa = PBXFileReference; fileEncoding = 4; lastKnownFileType = sourcecode.swift; path = ProductModel.swift; sourceTree = "<group>"; };
		216A7BEA2787F2B1007DD3D7 /* TitleCell.swift */ = {isa = PBXFileReference; fileEncoding = 4; lastKnownFileType = sourcecode.swift; path = TitleCell.swift; sourceTree = "<group>"; };
		216A7BEB2787F2B1007DD3D7 /* SettingsCell.swift */ = {isa = PBXFileReference; fileEncoding = 4; lastKnownFileType = sourcecode.swift; path = SettingsCell.swift; sourceTree = "<group>"; };
		216A7BEC2787F2B1007DD3D7 /* TextFieldCell.swift */ = {isa = PBXFileReference; fileEncoding = 4; lastKnownFileType = sourcecode.swift; path = TextFieldCell.swift; sourceTree = "<group>"; };
		216A7BED2787F2B1007DD3D7 /* SelectionCell.swift */ = {isa = PBXFileReference; fileEncoding = 4; lastKnownFileType = sourcecode.swift; path = SelectionCell.swift; sourceTree = "<group>"; };
		216A7BEE2787F2B1007DD3D7 /* SettingsSwitchCell.swift */ = {isa = PBXFileReference; fileEncoding = 4; lastKnownFileType = sourcecode.swift; path = SettingsSwitchCell.swift; sourceTree = "<group>"; };
		216A7BEF2787F2B1007DD3D7 /* ButtonCell.swift */ = {isa = PBXFileReference; fileEncoding = 4; lastKnownFileType = sourcecode.swift; path = ButtonCell.swift; sourceTree = "<group>"; };
		216A7BF02787F2B1007DD3D7 /* CaseCell.swift */ = {isa = PBXFileReference; fileEncoding = 4; lastKnownFileType = sourcecode.swift; path = CaseCell.swift; sourceTree = "<group>"; };
		216A7BF12787F2B1007DD3D7 /* HistoryCell.swift */ = {isa = PBXFileReference; fileEncoding = 4; lastKnownFileType = sourcecode.swift; path = HistoryCell.swift; sourceTree = "<group>"; };
		216A7BF22787F2B1007DD3D7 /* SelectionHeader.swift */ = {isa = PBXFileReference; fileEncoding = 4; lastKnownFileType = sourcecode.swift; path = SelectionHeader.swift; sourceTree = "<group>"; };
		216A7BF32787F2B1007DD3D7 /* ExpandingTFCell.swift */ = {isa = PBXFileReference; fileEncoding = 4; lastKnownFileType = sourcecode.swift; path = ExpandingTFCell.swift; sourceTree = "<group>"; };
		216A7BFF2787F2BD007DD3D7 /* PickerTextField.swift */ = {isa = PBXFileReference; fileEncoding = 4; lastKnownFileType = sourcecode.swift; path = PickerTextField.swift; sourceTree = "<group>"; };
		216A7C002787F2BD007DD3D7 /* LoadingView.swift */ = {isa = PBXFileReference; fileEncoding = 4; lastKnownFileType = sourcecode.swift; path = LoadingView.swift; sourceTree = "<group>"; };
		216A7C042787F2CD007DD3D7 /* TableCellProtocols.swift */ = {isa = PBXFileReference; fileEncoding = 4; lastKnownFileType = sourcecode.swift; path = TableCellProtocols.swift; sourceTree = "<group>"; };
		216A7C052787F2CD007DD3D7 /* MediatorProtocol.swift */ = {isa = PBXFileReference; fileEncoding = 4; lastKnownFileType = sourcecode.swift; path = MediatorProtocol.swift; sourceTree = "<group>"; };
		216A7C062787F2CD007DD3D7 /* ColleagueProtocol.swift */ = {isa = PBXFileReference; fileEncoding = 4; lastKnownFileType = sourcecode.swift; path = ColleagueProtocol.swift; sourceTree = "<group>"; };
		216A7C0B2787F2DB007DD3D7 /* ViewExtensions.swift */ = {isa = PBXFileReference; fileEncoding = 4; lastKnownFileType = sourcecode.swift; path = ViewExtensions.swift; sourceTree = "<group>"; };
		216A7C0C2787F2DB007DD3D7 /* ViewControllerExtensions.swift */ = {isa = PBXFileReference; fileEncoding = 4; lastKnownFileType = sourcecode.swift; path = ViewControllerExtensions.swift; sourceTree = "<group>"; };
		216A7C0D2787F2DB007DD3D7 /* ButtonExtensions.swift */ = {isa = PBXFileReference; fileEncoding = 4; lastKnownFileType = sourcecode.swift; path = ButtonExtensions.swift; sourceTree = "<group>"; };
		216A7C0E2787F2DB007DD3D7 /* OtherExtensions.swift */ = {isa = PBXFileReference; fileEncoding = 4; lastKnownFileType = sourcecode.swift; path = OtherExtensions.swift; sourceTree = "<group>"; };
		216A7C0F2787F2DB007DD3D7 /* TextfieldExtensions.swift */ = {isa = PBXFileReference; fileEncoding = 4; lastKnownFileType = sourcecode.swift; path = TextfieldExtensions.swift; sourceTree = "<group>"; };
		216A7C162787F2E3007DD3D7 /* Constants.swift */ = {isa = PBXFileReference; fileEncoding = 4; lastKnownFileType = sourcecode.swift; path = Constants.swift; sourceTree = "<group>"; };
		216A7C172787F2E3007DD3D7 /* UserDefault.swift */ = {isa = PBXFileReference; fileEncoding = 4; lastKnownFileType = sourcecode.swift; path = UserDefault.swift; sourceTree = "<group>"; };
		216A7C182787F2E3007DD3D7 /* ColorThemes.swift */ = {isa = PBXFileReference; fileEncoding = 4; lastKnownFileType = sourcecode.swift; path = ColorThemes.swift; sourceTree = "<group>"; };
		216A7C1A2787F2E3007DD3D7 /* UIView+Borders.swift */ = {isa = PBXFileReference; fileEncoding = 4; lastKnownFileType = sourcecode.swift; path = "UIView+Borders.swift"; sourceTree = "<group>"; };
		216A7C1B2787F2E3007DD3D7 /* HexColors.swift */ = {isa = PBXFileReference; fileEncoding = 4; lastKnownFileType = sourcecode.swift; path = HexColors.swift; sourceTree = "<group>"; };
		216A7C222787F2F1007DD3D7 /* loadingBox.json */ = {isa = PBXFileReference; fileEncoding = 4; lastKnownFileType = text.json; path = loadingBox.json; sourceTree = "<group>"; };
		216A7C232787F2F1007DD3D7 /* noWiFi.json */ = {isa = PBXFileReference; fileEncoding = 4; lastKnownFileType = text.json; path = noWiFi.json; sourceTree = "<group>"; };
		216A7C242787F2F1007DD3D7 /* orangeAlert.json */ = {isa = PBXFileReference; fileEncoding = 4; lastKnownFileType = text.json; path = orangeAlert.json; sourceTree = "<group>"; };
		216A7C252787F2F1007DD3D7 /* expiredAlert.json */ = {isa = PBXFileReference; fileEncoding = 4; lastKnownFileType = text.json; path = expiredAlert.json; sourceTree = "<group>"; };
		216A7C262787F2F1007DD3D7 /* redAlert.json */ = {isa = PBXFileReference; fileEncoding = 4; lastKnownFileType = text.json; path = redAlert.json; sourceTree = "<group>"; };
		216A7C2C2787F314007DD3D7 /* README.md */ = {isa = PBXFileReference; fileEncoding = 4; lastKnownFileType = net.daringfireball.markdown; path = README.md; sourceTree = "<group>"; };
		21D29789269163BD004D7031 /* StockSafe.app */ = {isa = PBXFileReference; explicitFileType = wrapper.application; includeInIndex = 0; path = StockSafe.app; sourceTree = BUILT_PRODUCTS_DIR; };
		21D2978C269163BD004D7031 /* AppDelegate.swift */ = {isa = PBXFileReference; lastKnownFileType = sourcecode.swift; path = AppDelegate.swift; sourceTree = "<group>"; };
		21D2978E269163BD004D7031 /* SceneDelegate.swift */ = {isa = PBXFileReference; lastKnownFileType = sourcecode.swift; path = SceneDelegate.swift; sourceTree = "<group>"; };
		21D29795269163C5004D7031 /* Assets.xcassets */ = {isa = PBXFileReference; lastKnownFileType = folder.assetcatalog; path = Assets.xcassets; sourceTree = "<group>"; };
		21D2979A269163C5004D7031 /* Info.plist */ = {isa = PBXFileReference; lastKnownFileType = text.plist.xml; path = Info.plist; sourceTree = "<group>"; };
		2AAAA0F265974470255C0DC8 /* Pods-StockSafe.release.xcconfig */ = {isa = PBXFileReference; includeInIndex = 1; lastKnownFileType = text.xcconfig; name = "Pods-StockSafe.release.xcconfig"; path = "Target Support Files/Pods-StockSafe/Pods-StockSafe.release.xcconfig"; sourceTree = "<group>"; };
		AB09A9FDFD1F2ADD274F9696 /* Pods_StockSafe.framework */ = {isa = PBXFileReference; explicitFileType = wrapper.framework; includeInIndex = 0; path = Pods_StockSafe.framework; sourceTree = BUILT_PRODUCTS_DIR; };
		E480BB874781824088A1029F /* Pods-StockSafe.debug.xcconfig */ = {isa = PBXFileReference; includeInIndex = 1; lastKnownFileType = text.xcconfig; name = "Pods-StockSafe.debug.xcconfig"; path = "Target Support Files/Pods-StockSafe/Pods-StockSafe.debug.xcconfig"; sourceTree = "<group>"; };
/* End PBXFileReference section */

/* Begin PBXFrameworksBuildPhase section */
		21D29786269163BD004D7031 /* Frameworks */ = {
			isa = PBXFrameworksBuildPhase;
			buildActionMask = 2147483647;
			files = (
				27C4CE845FAA67A80B9D4735 /* Pods_StockSafe.framework in Frameworks */,
			);
			runOnlyForDeploymentPostprocessing = 0;
		};
/* End PBXFrameworksBuildPhase section */

/* Begin PBXGroup section */
		216A7BAF2787F237007DD3D7 /* View Controllers */ = {
			isa = PBXGroup;
			children = (
				216A7BB02787F237007DD3D7 /* Accessory View Controllers */,
				216A7BB42787F237007DD3D7 /* Mediators */,
				216A7BB92787F237007DD3D7 /* Settings View Controllers */,
			);
			path = "View Controllers";
			sourceTree = "<group>";
		};
		216A7BB02787F237007DD3D7 /* Accessory View Controllers */ = {
			isa = PBXGroup;
			children = (
				216A7BB12787F237007DD3D7 /* ColorSelectViewController.swift */,
				216A7BB22787F237007DD3D7 /* AddLocationViewController.swift */,
				216A7BB32787F237007DD3D7 /* AddProductViewController.swift */,
			);
			path = "Accessory View Controllers";
			sourceTree = "<group>";
		};
		216A7BB42787F237007DD3D7 /* Mediators */ = {
			isa = PBXGroup;
			children = (
				216A7BB52787F237007DD3D7 /* LocationsViewController.swift */,
				216A7BB62787F237007DD3D7 /* ProductsViewController.swift */,
				216A7BB72787F237007DD3D7 /* MainViewController.swift */,
				216A7BB82787F237007DD3D7 /* CasesViewController.swift */,
			);
			path = Mediators;
			sourceTree = "<group>";
		};
		216A7BB92787F237007DD3D7 /* Settings View Controllers */ = {
			isa = PBXGroup;
			children = (
				216A7BBA2787F237007DD3D7 /* ThemeSelectViewController.swift */,
				216A7BBB2787F237007DD3D7 /* SettingsViewController.swift */,
			);
			path = "Settings View Controllers";
			sourceTree = "<group>";
		};
		216A7BC92787F277007DD3D7 /* Colleagues */ = {
			isa = PBXGroup;
			children = (
				216A7BCA2787F277007DD3D7 /* UI Elements */,
				216A7BD12787F277007DD3D7 /* Managers */,
			);
			path = Colleagues;
			sourceTree = "<group>";
		};
		216A7BCA2787F277007DD3D7 /* UI Elements */ = {
			isa = PBXGroup;
			children = (
				216A7BCB2787F277007DD3D7 /* CaseTable.swift */,
				216A7BCC2787F277007DD3D7 /* SubmenuView.swift */,
				216A7BCD2787F277007DD3D7 /* HistoryTable.swift */,
				216A7BCE2787F277007DD3D7 /* PopUpMenuView.swift */,
				216A7BCF2787F277007DD3D7 /* SelectionView.swift */,
				216A7BD02787F277007DD3D7 /* ToolbarView.swift */,
			);
			path = "UI Elements";
			sourceTree = "<group>";
		};
		216A7BD12787F277007DD3D7 /* Managers */ = {
			isa = PBXGroup;
			children = (
				216A7BD22787F277007DD3D7 /* ProductManager.swift */,
				216A7BD32787F277007DD3D7 /* CaseManager.swift */,
				216A7BD42787F277007DD3D7 /* LocationManager.swift */,
				216A7BD52787F277007DD3D7 /* HistoryManager.swift */,
			);
			path = Managers;
			sourceTree = "<group>";
		};
		216A7BE02787F293007DD3D7 /* Data Models */ = {
			isa = PBXGroup;
			children = (
				216A7BE12787F293007DD3D7 /* CaseModel.swift */,
				216A7BE22787F293007DD3D7 /* HistoryModel.swift */,
				216A7BE32787F293007DD3D7 /* LocationModel.swift */,
				216A7BE42787F293007DD3D7 /* ProductModel.swift */,
			);
			path = "Data Models";
			sourceTree = "<group>";
		};
		216A7BE92787F2B1007DD3D7 /* Reusables */ = {
			isa = PBXGroup;
			children = (
				216A7BEA2787F2B1007DD3D7 /* TitleCell.swift */,
				216A7BEB2787F2B1007DD3D7 /* SettingsCell.swift */,
				216A7BEC2787F2B1007DD3D7 /* TextFieldCell.swift */,
				216A7BED2787F2B1007DD3D7 /* SelectionCell.swift */,
				216A7BEE2787F2B1007DD3D7 /* SettingsSwitchCell.swift */,
				216A7BEF2787F2B1007DD3D7 /* ButtonCell.swift */,
				216A7BF02787F2B1007DD3D7 /* CaseCell.swift */,
				216A7BF12787F2B1007DD3D7 /* HistoryCell.swift */,
				216A7BF22787F2B1007DD3D7 /* SelectionHeader.swift */,
				216A7BF32787F2B1007DD3D7 /* ExpandingTFCell.swift */,
			);
			path = Reusables;
			sourceTree = "<group>";
		};
		216A7BFE2787F2BD007DD3D7 /* Simple Views */ = {
			isa = PBXGroup;
			children = (
				216A7BFF2787F2BD007DD3D7 /* PickerTextField.swift */,
				216A7C002787F2BD007DD3D7 /* LoadingView.swift */,
			);
			path = "Simple Views";
			sourceTree = "<group>";
		};
		216A7C032787F2CD007DD3D7 /* Protocols */ = {
			isa = PBXGroup;
			children = (
				216A7C042787F2CD007DD3D7 /* TableCellProtocols.swift */,
				216A7C052787F2CD007DD3D7 /* MediatorProtocol.swift */,
				216A7C062787F2CD007DD3D7 /* ColleagueProtocol.swift */,
			);
			path = Protocols;
			sourceTree = "<group>";
		};
		216A7C0A2787F2DB007DD3D7 /* Extensions */ = {
			isa = PBXGroup;
			children = (
				216A7C0B2787F2DB007DD3D7 /* ViewExtensions.swift */,
				216A7C0C2787F2DB007DD3D7 /* ViewControllerExtensions.swift */,
				216A7C0D2787F2DB007DD3D7 /* ButtonExtensions.swift */,
				216A7C0E2787F2DB007DD3D7 /* OtherExtensions.swift */,
				216A7C0F2787F2DB007DD3D7 /* TextfieldExtensions.swift */,
			);
			path = Extensions;
			sourceTree = "<group>";
		};
		216A7C152787F2E3007DD3D7 /* HelperFiles */ = {
			isa = PBXGroup;
			children = (
				216A7C162787F2E3007DD3D7 /* Constants.swift */,
				216A7C172787F2E3007DD3D7 /* UserDefault.swift */,
				216A7C182787F2E3007DD3D7 /* ColorThemes.swift */,
				216A7C192787F2E3007DD3D7 /* Third Party */,
			);
			path = HelperFiles;
			sourceTree = "<group>";
		};
		216A7C192787F2E3007DD3D7 /* Third Party */ = {
			isa = PBXGroup;
			children = (
				216A7C1A2787F2E3007DD3D7 /* UIView+Borders.swift */,
				216A7C1B2787F2E3007DD3D7 /* HexColors.swift */,
			);
			path = "Third Party";
			sourceTree = "<group>";
		};
		216A7C212787F2F1007DD3D7 /* LottieFiles */ = {
			isa = PBXGroup;
			children = (
				216A7C222787F2F1007DD3D7 /* loadingBox.json */,
				216A7C232787F2F1007DD3D7 /* noWiFi.json */,
				216A7C242787F2F1007DD3D7 /* orangeAlert.json */,
				216A7C252787F2F1007DD3D7 /* expiredAlert.json */,
				216A7C262787F2F1007DD3D7 /* redAlert.json */,
			);
			path = LottieFiles;
			sourceTree = "<group>";
		};
		21D29780269163BD004D7031 = {
			isa = PBXGroup;
			children = (
				216A7C2C2787F314007DD3D7 /* README.md */,
				21D2978B269163BD004D7031 /* StockSafe */,
				58AE79CE40E7D65B12014C42 /* Frameworks */,
				F20CB41D788B49E447D0B3DE /* Pods */,
			);
			sourceTree = "<group>";
		};
		21D2978A269163BD004D7031 /* Products */ = {
			isa = PBXGroup;
			children = (
				21D29789269163BD004D7031 /* StockSafe.app */,
			);
			name = Products;
			path = ..;
			sourceTree = "<group>";
		};
		21D2978B269163BD004D7031 /* StockSafe */ = {
			isa = PBXGroup;
			children = (
				21D2978C269163BD004D7031 /* AppDelegate.swift */,
				21D2978E269163BD004D7031 /* SceneDelegate.swift */,
				211BDA972787F9D6003D1FDC /* LaunchScreen.storyboard */,
				211BDA952787F9AB003D1FDC /* Main.storyboard */,
				21D29795269163C5004D7031 /* Assets.xcassets */,
				216A7BC52787F263007DD3D7 /* CreateAccountViewController.swift */,
				216A7BC72787F269007DD3D7 /* LoginViewController.swift */,
				216A7BAF2787F237007DD3D7 /* View Controllers */,
				216A7BC92787F277007DD3D7 /* Colleagues */,
				216A7BE02787F293007DD3D7 /* Data Models */,
				216A7BE92787F2B1007DD3D7 /* Reusables */,
				216A7BFE2787F2BD007DD3D7 /* Simple Views */,
				216A7C032787F2CD007DD3D7 /* Protocols */,
				216A7C0A2787F2DB007DD3D7 /* Extensions */,
				216A7C152787F2E3007DD3D7 /* HelperFiles */,
				216A7C212787F2F1007DD3D7 /* LottieFiles */,
				21D2978A269163BD004D7031 /* Products */,
				21D2979A269163C5004D7031 /* Info.plist */,
				211CD55F26916A7A001235CC /* GoogleService-Info.plist */,
			);
			path = StockSafe;
			sourceTree = "<group>";
		};
		58AE79CE40E7D65B12014C42 /* Frameworks */ = {
			isa = PBXGroup;
			children = (
				211CD56126916C58001235CC /* absl.framework */,
				AB09A9FDFD1F2ADD274F9696 /* Pods_StockSafe.framework */,
			);
			name = Frameworks;
			sourceTree = "<group>";
		};
		F20CB41D788B49E447D0B3DE /* Pods */ = {
			isa = PBXGroup;
			children = (
				E480BB874781824088A1029F /* Pods-StockSafe.debug.xcconfig */,
				2AAAA0F265974470255C0DC8 /* Pods-StockSafe.release.xcconfig */,
			);
			path = Pods;
			sourceTree = "<group>";
		};
/* End PBXGroup section */

/* Begin PBXNativeTarget section */
		21D29788269163BD004D7031 /* StockSafe */ = {
			isa = PBXNativeTarget;
			buildConfigurationList = 21D2979D269163C5004D7031 /* Build configuration list for PBXNativeTarget "StockSafe" */;
			buildPhases = (
				18A125B5B933C801FDF30962 /* [CP] Check Pods Manifest.lock */,
				21D29785269163BD004D7031 /* Sources */,
				21D29786269163BD004D7031 /* Frameworks */,
				21D29787269163BD004D7031 /* Resources */,
				CE55CF42637D87A601C148CA /* [CP] Embed Pods Frameworks */,
				00C21BA84EA63EF6ECE1EAE8 /* [CP] Copy Pods Resources */,
			);
			buildRules = (
			);
			dependencies = (
			);
			name = StockSafe;
			productName = StockSafe;
			productReference = 21D29789269163BD004D7031 /* StockSafe.app */;
			productType = "com.apple.product-type.application";
		};
/* End PBXNativeTarget section */

/* Begin PBXProject section */
		21D29781269163BD004D7031 /* Project object */ = {
			isa = PBXProject;
			attributes = {
				LastSwiftUpdateCheck = 1250;
				LastUpgradeCheck = 1250;
				TargetAttributes = {
					21D29788269163BD004D7031 = {
						CreatedOnToolsVersion = 12.5;
					};
				};
			};
			buildConfigurationList = 21D29784269163BD004D7031 /* Build configuration list for PBXProject "StockSafe" */;
			compatibilityVersion = "Xcode 9.3";
			developmentRegion = en;
			hasScannedForEncodings = 0;
			knownRegions = (
				en,
				Base,
			);
			mainGroup = 21D29780269163BD004D7031;
			productRefGroup = 21D2978A269163BD004D7031 /* Products */;
			projectDirPath = "";
			projectRoot = "";
			targets = (
				21D29788269163BD004D7031 /* StockSafe */,
			);
		};
/* End PBXProject section */

/* Begin PBXResourcesBuildPhase section */
		21D29787269163BD004D7031 /* Resources */ = {
			isa = PBXResourcesBuildPhase;
			buildActionMask = 2147483647;
			files = (
				216A7C2B2787F2F1007DD3D7 /* redAlert.json in Resources */,
				216A7C292787F2F1007DD3D7 /* orangeAlert.json in Resources */,
				216A7C2A2787F2F1007DD3D7 /* expiredAlert.json in Resources */,
				21D29796269163C5004D7031 /* Assets.xcassets in Resources */,
				211BDA962787F9AB003D1FDC /* Main.storyboard in Resources */,
				216A7C272787F2F1007DD3D7 /* loadingBox.json in Resources */,
				216A7C282787F2F1007DD3D7 /* noWiFi.json in Resources */,
				211CD56026916A7A001235CC /* GoogleService-Info.plist in Resources */,
				211BDA982787F9D6003D1FDC /* LaunchScreen.storyboard in Resources */,
				216A7C2D2787F314007DD3D7 /* README.md in Resources */,
			);
			runOnlyForDeploymentPostprocessing = 0;
		};
/* End PBXResourcesBuildPhase section */

/* Begin PBXShellScriptBuildPhase section */
		00C21BA84EA63EF6ECE1EAE8 /* [CP] Copy Pods Resources */ = {
			isa = PBXShellScriptBuildPhase;
			buildActionMask = 2147483647;
			files = (
			);
			inputFileListPaths = (
				"${PODS_ROOT}/Target Support Files/Pods-StockSafe/Pods-StockSafe-resources-${CONFIGURATION}-input-files.xcfilelist",
			);
			name = "[CP] Copy Pods Resources";
			outputFileListPaths = (
				"${PODS_ROOT}/Target Support Files/Pods-StockSafe/Pods-StockSafe-resources-${CONFIGURATION}-output-files.xcfilelist",
			);
			runOnlyForDeploymentPostprocessing = 0;
			shellPath = /bin/sh;
			shellScript = "\"${PODS_ROOT}/Target Support Files/Pods-StockSafe/Pods-StockSafe-resources.sh\"\n";
			showEnvVarsInLog = 0;
		};
		18A125B5B933C801FDF30962 /* [CP] Check Pods Manifest.lock */ = {
			isa = PBXShellScriptBuildPhase;
			buildActionMask = 2147483647;
			files = (
			);
			inputFileListPaths = (
			);
			inputPaths = (
				"${PODS_PODFILE_DIR_PATH}/Podfile.lock",
				"${PODS_ROOT}/Manifest.lock",
			);
			name = "[CP] Check Pods Manifest.lock";
			outputFileListPaths = (
			);
			outputPaths = (
				"$(DERIVED_FILE_DIR)/Pods-StockSafe-checkManifestLockResult.txt",
			);
			runOnlyForDeploymentPostprocessing = 0;
			shellPath = /bin/sh;
			shellScript = "diff \"${PODS_PODFILE_DIR_PATH}/Podfile.lock\" \"${PODS_ROOT}/Manifest.lock\" > /dev/null\nif [ $? != 0 ] ; then\n    # print error to STDERR\n    echo \"error: The sandbox is not in sync with the Podfile.lock. Run 'pod install' or update your CocoaPods installation.\" >&2\n    exit 1\nfi\n# This output is used by Xcode 'outputs' to avoid re-running this script phase.\necho \"SUCCESS\" > \"${SCRIPT_OUTPUT_FILE_0}\"\n";
			showEnvVarsInLog = 0;
		};
		CE55CF42637D87A601C148CA /* [CP] Embed Pods Frameworks */ = {
			isa = PBXShellScriptBuildPhase;
			buildActionMask = 2147483647;
			files = (
			);
			inputFileListPaths = (
				"${PODS_ROOT}/Target Support Files/Pods-StockSafe/Pods-StockSafe-frameworks-${CONFIGURATION}-input-files.xcfilelist",
			);
			name = "[CP] Embed Pods Frameworks";
			outputFileListPaths = (
				"${PODS_ROOT}/Target Support Files/Pods-StockSafe/Pods-StockSafe-frameworks-${CONFIGURATION}-output-files.xcfilelist",
			);
			runOnlyForDeploymentPostprocessing = 0;
			shellPath = /bin/sh;
			shellScript = "\"${PODS_ROOT}/Target Support Files/Pods-StockSafe/Pods-StockSafe-frameworks.sh\"\n";
			showEnvVarsInLog = 0;
		};
/* End PBXShellScriptBuildPhase section */

/* Begin PBXSourcesBuildPhase section */
		21D29785269163BD004D7031 /* Sources */ = {
			isa = PBXSourcesBuildPhase;
			buildActionMask = 2147483647;
			files = (
				216A7BFA2787F2B2007DD3D7 /* CaseCell.swift in Sources */,
				216A7BC02787F238007DD3D7 /* ProductsViewController.swift in Sources */,
				216A7BE52787F293007DD3D7 /* CaseModel.swift in Sources */,
				216A7BDD2787F277007DD3D7 /* CaseManager.swift in Sources */,
				216A7BD62787F277007DD3D7 /* CaseTable.swift in Sources */,
				216A7BFC2787F2B2007DD3D7 /* SelectionHeader.swift in Sources */,
				216A7BBC2787F237007DD3D7 /* ColorSelectViewController.swift in Sources */,
				216A7BF92787F2B1007DD3D7 /* ButtonCell.swift in Sources */,
				216A7BC12787F238007DD3D7 /* MainViewController.swift in Sources */,
				21D2978D269163BD004D7031 /* AppDelegate.swift in Sources */,
				216A7C102787F2DB007DD3D7 /* ViewExtensions.swift in Sources */,
				216A7BDF2787F277007DD3D7 /* HistoryManager.swift in Sources */,
				216A7C112787F2DB007DD3D7 /* ViewControllerExtensions.swift in Sources */,
				216A7BE62787F293007DD3D7 /* HistoryModel.swift in Sources */,
				216A7BF52787F2B1007DD3D7 /* SettingsCell.swift in Sources */,
				216A7BBE2787F237007DD3D7 /* AddProductViewController.swift in Sources */,
				216A7BF62787F2B1007DD3D7 /* TextFieldCell.swift in Sources */,
				216A7BFD2787F2B2007DD3D7 /* ExpandingTFCell.swift in Sources */,
				216A7C142787F2DB007DD3D7 /* TextfieldExtensions.swift in Sources */,
				216A7BC82787F269007DD3D7 /* LoginViewController.swift in Sources */,
				216A7BC62787F263007DD3D7 /* CreateAccountViewController.swift in Sources */,
				216A7BC42787F238007DD3D7 /* SettingsViewController.swift in Sources */,
				216A7C132787F2DB007DD3D7 /* OtherExtensions.swift in Sources */,
				216A7C012787F2BD007DD3D7 /* PickerTextField.swift in Sources */,
				216A7BBD2787F237007DD3D7 /* AddLocationViewController.swift in Sources */,
				216A7BD72787F277007DD3D7 /* SubmenuView.swift in Sources */,
				216A7BBF2787F238007DD3D7 /* LocationsViewController.swift in Sources */,
				216A7BC22787F238007DD3D7 /* CasesViewController.swift in Sources */,
				216A7C022787F2BD007DD3D7 /* LoadingView.swift in Sources */,
				216A7BE72787F293007DD3D7 /* LocationModel.swift in Sources */,
				216A7BD92787F277007DD3D7 /* PopUpMenuView.swift in Sources */,
				216A7BD82787F277007DD3D7 /* HistoryTable.swift in Sources */,
				216A7BF42787F2B1007DD3D7 /* TitleCell.swift in Sources */,
				216A7BDA2787F277007DD3D7 /* SelectionView.swift in Sources */,
				216A7C1E2787F2E3007DD3D7 /* ColorThemes.swift in Sources */,
				216A7C072787F2CD007DD3D7 /* TableCellProtocols.swift in Sources */,
				216A7C092787F2CD007DD3D7 /* ColleagueProtocol.swift in Sources */,
				216A7BF82787F2B1007DD3D7 /* SettingsSwitchCell.swift in Sources */,
				216A7C202787F2E3007DD3D7 /* HexColors.swift in Sources */,
				216A7BDE2787F277007DD3D7 /* LocationManager.swift in Sources */,
				216A7BF72787F2B1007DD3D7 /* SelectionCell.swift in Sources */,
				21D2978F269163BD004D7031 /* SceneDelegate.swift in Sources */,
				216A7BE82787F293007DD3D7 /* ProductModel.swift in Sources */,
				216A7BC32787F238007DD3D7 /* ThemeSelectViewController.swift in Sources */,
				216A7BFB2787F2B2007DD3D7 /* HistoryCell.swift in Sources */,
				216A7C082787F2CD007DD3D7 /* MediatorProtocol.swift in Sources */,
				216A7BDB2787F277007DD3D7 /* ToolbarView.swift in Sources */,
				216A7C1D2787F2E3007DD3D7 /* UserDefault.swift in Sources */,
				216A7C1F2787F2E3007DD3D7 /* UIView+Borders.swift in Sources */,
				216A7C1C2787F2E3007DD3D7 /* Constants.swift in Sources */,
				216A7BDC2787F277007DD3D7 /* ProductManager.swift in Sources */,
				216A7C122787F2DB007DD3D7 /* ButtonExtensions.swift in Sources */,
			);
			runOnlyForDeploymentPostprocessing = 0;
		};
/* End PBXSourcesBuildPhase section */

/* Begin XCBuildConfiguration section */
		21D2979B269163C5004D7031 /* Debug */ = {
			isa = XCBuildConfiguration;
			buildSettings = {
				ALWAYS_SEARCH_USER_PATHS = NO;
				CLANG_ANALYZER_NONNULL = YES;
				CLANG_ANALYZER_NUMBER_OBJECT_CONVERSION = YES_AGGRESSIVE;
				CLANG_CXX_LANGUAGE_STANDARD = "gnu++14";
				CLANG_CXX_LIBRARY = "libc++";
				CLANG_ENABLE_MODULES = YES;
				CLANG_ENABLE_OBJC_ARC = YES;
				CLANG_ENABLE_OBJC_WEAK = YES;
				CLANG_WARN_BLOCK_CAPTURE_AUTORELEASING = YES;
				CLANG_WARN_BOOL_CONVERSION = YES;
				CLANG_WARN_COMMA = YES;
				CLANG_WARN_CONSTANT_CONVERSION = YES;
				CLANG_WARN_DEPRECATED_OBJC_IMPLEMENTATIONS = YES;
				CLANG_WARN_DIRECT_OBJC_ISA_USAGE = YES_ERROR;
				CLANG_WARN_DOCUMENTATION_COMMENTS = YES;
				CLANG_WARN_EMPTY_BODY = YES;
				CLANG_WARN_ENUM_CONVERSION = YES;
				CLANG_WARN_INFINITE_RECURSION = YES;
				CLANG_WARN_INT_CONVERSION = YES;
				CLANG_WARN_NON_LITERAL_NULL_CONVERSION = YES;
				CLANG_WARN_OBJC_IMPLICIT_RETAIN_SELF = YES;
				CLANG_WARN_OBJC_LITERAL_CONVERSION = YES;
				CLANG_WARN_OBJC_ROOT_CLASS = YES_ERROR;
				CLANG_WARN_QUOTED_INCLUDE_IN_FRAMEWORK_HEADER = YES;
				CLANG_WARN_RANGE_LOOP_ANALYSIS = YES;
				CLANG_WARN_STRICT_PROTOTYPES = YES;
				CLANG_WARN_SUSPICIOUS_MOVE = YES;
				CLANG_WARN_UNGUARDED_AVAILABILITY = YES_AGGRESSIVE;
				CLANG_WARN_UNREACHABLE_CODE = YES;
				CLANG_WARN__DUPLICATE_METHOD_MATCH = YES;
				COPY_PHASE_STRIP = NO;
				DEBUG_INFORMATION_FORMAT = dwarf;
				ENABLE_STRICT_OBJC_MSGSEND = YES;
				ENABLE_TESTABILITY = YES;
				GCC_C_LANGUAGE_STANDARD = gnu11;
				GCC_DYNAMIC_NO_PIC = NO;
				GCC_NO_COMMON_BLOCKS = YES;
				GCC_OPTIMIZATION_LEVEL = 0;
				GCC_PREPROCESSOR_DEFINITIONS = (
					"DEBUG=1",
					"$(inherited)",
				);
				GCC_WARN_64_TO_32_BIT_CONVERSION = YES;
				GCC_WARN_ABOUT_RETURN_TYPE = YES_ERROR;
				GCC_WARN_UNDECLARED_SELECTOR = YES;
				GCC_WARN_UNINITIALIZED_AUTOS = YES_AGGRESSIVE;
				GCC_WARN_UNUSED_FUNCTION = YES;
				GCC_WARN_UNUSED_VARIABLE = YES;
				IPHONEOS_DEPLOYMENT_TARGET = 14.5;
				MTL_ENABLE_DEBUG_INFO = INCLUDE_SOURCE;
				MTL_FAST_MATH = YES;
				ONLY_ACTIVE_ARCH = YES;
				SDKROOT = iphoneos;
				SWIFT_ACTIVE_COMPILATION_CONDITIONS = DEBUG;
				SWIFT_OPTIMIZATION_LEVEL = "-Onone";
			};
			name = Debug;
		};
		21D2979C269163C5004D7031 /* Release */ = {
			isa = XCBuildConfiguration;
			buildSettings = {
				ALWAYS_SEARCH_USER_PATHS = NO;
				CLANG_ANALYZER_NONNULL = YES;
				CLANG_ANALYZER_NUMBER_OBJECT_CONVERSION = YES_AGGRESSIVE;
				CLANG_CXX_LANGUAGE_STANDARD = "gnu++14";
				CLANG_CXX_LIBRARY = "libc++";
				CLANG_ENABLE_MODULES = YES;
				CLANG_ENABLE_OBJC_ARC = YES;
				CLANG_ENABLE_OBJC_WEAK = YES;
				CLANG_WARN_BLOCK_CAPTURE_AUTORELEASING = YES;
				CLANG_WARN_BOOL_CONVERSION = YES;
				CLANG_WARN_COMMA = YES;
				CLANG_WARN_CONSTANT_CONVERSION = YES;
				CLANG_WARN_DEPRECATED_OBJC_IMPLEMENTATIONS = YES;
				CLANG_WARN_DIRECT_OBJC_ISA_USAGE = YES_ERROR;
				CLANG_WARN_DOCUMENTATION_COMMENTS = YES;
				CLANG_WARN_EMPTY_BODY = YES;
				CLANG_WARN_ENUM_CONVERSION = YES;
				CLANG_WARN_INFINITE_RECURSION = YES;
				CLANG_WARN_INT_CONVERSION = YES;
				CLANG_WARN_NON_LITERAL_NULL_CONVERSION = YES;
				CLANG_WARN_OBJC_IMPLICIT_RETAIN_SELF = YES;
				CLANG_WARN_OBJC_LITERAL_CONVERSION = YES;
				CLANG_WARN_OBJC_ROOT_CLASS = YES_ERROR;
				CLANG_WARN_QUOTED_INCLUDE_IN_FRAMEWORK_HEADER = YES;
				CLANG_WARN_RANGE_LOOP_ANALYSIS = YES;
				CLANG_WARN_STRICT_PROTOTYPES = YES;
				CLANG_WARN_SUSPICIOUS_MOVE = YES;
				CLANG_WARN_UNGUARDED_AVAILABILITY = YES_AGGRESSIVE;
				CLANG_WARN_UNREACHABLE_CODE = YES;
				CLANG_WARN__DUPLICATE_METHOD_MATCH = YES;
				COPY_PHASE_STRIP = NO;
				DEBUG_INFORMATION_FORMAT = "dwarf-with-dsym";
				ENABLE_NS_ASSERTIONS = NO;
				ENABLE_STRICT_OBJC_MSGSEND = YES;
				GCC_C_LANGUAGE_STANDARD = gnu11;
				GCC_NO_COMMON_BLOCKS = YES;
				GCC_WARN_64_TO_32_BIT_CONVERSION = YES;
				GCC_WARN_ABOUT_RETURN_TYPE = YES_ERROR;
				GCC_WARN_UNDECLARED_SELECTOR = YES;
				GCC_WARN_UNINITIALIZED_AUTOS = YES_AGGRESSIVE;
				GCC_WARN_UNUSED_FUNCTION = YES;
				GCC_WARN_UNUSED_VARIABLE = YES;
				IPHONEOS_DEPLOYMENT_TARGET = 14.5;
				MTL_ENABLE_DEBUG_INFO = NO;
				MTL_FAST_MATH = YES;
				SDKROOT = iphoneos;
				SWIFT_COMPILATION_MODE = wholemodule;
				SWIFT_OPTIMIZATION_LEVEL = "-O";
				VALIDATE_PRODUCT = YES;
			};
			name = Release;
		};
		21D2979E269163C5004D7031 /* Debug */ = {
			isa = XCBuildConfiguration;
			baseConfigurationReference = E480BB874781824088A1029F /* Pods-StockSafe.debug.xcconfig */;
			buildSettings = {
				ASSETCATALOG_COMPILER_APPICON_NAME = AppIcon;
				ASSETCATALOG_COMPILER_GLOBAL_ACCENT_COLOR_NAME = AccentColor;
				CODE_SIGN_STYLE = Automatic;
				DEVELOPMENT_TEAM = X87SB8266V;
				INFOPLIST_FILE = StockSafe/Info.plist;
				LD_RUNPATH_SEARCH_PATHS = (
					"$(inherited)",
					"@executable_path/Frameworks",
				);
				PRODUCT_BUNDLE_IDENTIFIER = ink.sagacity.StockSafe;
				PRODUCT_NAME = "$(TARGET_NAME)";
				SWIFT_VERSION = 5.0;
				TARGETED_DEVICE_FAMILY = "1,2";
			};
			name = Debug;
		};
		21D2979F269163C5004D7031 /* Release */ = {
			isa = XCBuildConfiguration;
			baseConfigurationReference = 2AAAA0F265974470255C0DC8 /* Pods-StockSafe.release.xcconfig */;
			buildSettings = {
				ASSETCATALOG_COMPILER_APPICON_NAME = AppIcon;
				ASSETCATALOG_COMPILER_GLOBAL_ACCENT_COLOR_NAME = AccentColor;
				CODE_SIGN_STYLE = Automatic;
				DEVELOPMENT_TEAM = X87SB8266V;
				INFOPLIST_FILE = StockSafe/Info.plist;
				LD_RUNPATH_SEARCH_PATHS = (
					"$(inherited)",
					"@executable_path/Frameworks",
				);
				PRODUCT_BUNDLE_IDENTIFIER = ink.sagacity.StockSafe;
				PRODUCT_NAME = "$(TARGET_NAME)";
				SWIFT_VERSION = 5.0;
				TARGETED_DEVICE_FAMILY = "1,2";
			};
			name = Release;
		};
/* End XCBuildConfiguration section */

/* Begin XCConfigurationList section */
		21D29784269163BD004D7031 /* Build configuration list for PBXProject "StockSafe" */ = {
			isa = XCConfigurationList;
			buildConfigurations = (
				21D2979B269163C5004D7031 /* Debug */,
				21D2979C269163C5004D7031 /* Release */,
			);
			defaultConfigurationIsVisible = 0;
			defaultConfigurationName = Release;
		};
		21D2979D269163C5004D7031 /* Build configuration list for PBXNativeTarget "StockSafe" */ = {
			isa = XCConfigurationList;
			buildConfigurations = (
				21D2979E269163C5004D7031 /* Debug */,
				21D2979F269163C5004D7031 /* Release */,
			);
			defaultConfigurationIsVisible = 0;
			defaultConfigurationName = Release;
		};
/* End XCConfigurationList section */
	};
	rootObject = 21D29781269163BD004D7031 /* Project object */;
}
