// !$*UTF8*$!
{
	archiveVersion = 1;
	classes = {
	};
	objectVersion = 51;
	objects = {

/* Begin PBXBuildFile section */
		211CD56026916A7A001235CC /* GoogleService-Info.plist in Resources */ = {isa = PBXBuildFile; fileRef = 211CD55F26916A7A001235CC /* GoogleService-Info.plist */; };
		2125997D2693210300FE747A /* StockCasesViewController.swift in Sources */ = {isa = PBXBuildFile; fileRef = 2125996E2693210300FE747A /* StockCasesViewController.swift */; };
		2125997E2693210300FE747A /* HomeViewController.swift in Sources */ = {isa = PBXBuildFile; fileRef = 2125996F2693210300FE747A /* HomeViewController.swift */; };
		212599822693210300FE747A /* NewCaseViewController.swift in Sources */ = {isa = PBXBuildFile; fileRef = 212599732693210300FE747A /* NewCaseViewController.swift */; };
		212599882693210300FE747A /* LoginViewController.swift in Sources */ = {isa = PBXBuildFile; fileRef = 212599792693210300FE747A /* LoginViewController.swift */; };
		212599892693210300FE747A /* CreateAccountViewController.swift in Sources */ = {isa = PBXBuildFile; fileRef = 2125997A2693210300FE747A /* CreateAccountViewController.swift */; };
		2125998A2693210300FE747A /* SettingsViewController.swift in Sources */ = {isa = PBXBuildFile; fileRef = 2125997B2693210300FE747A /* SettingsViewController.swift */; };
		2125998B2693210300FE747A /* SubscriptionViewController.swift in Sources */ = {isa = PBXBuildFile; fileRef = 2125997C2693210300FE747A /* SubscriptionViewController.swift */; };
		212599922693218A00FE747A /* loadingBox.json in Resources */ = {isa = PBXBuildFile; fileRef = 2125998D2693218A00FE747A /* loadingBox.json */; };
		212599932693218A00FE747A /* noWiFi.json in Resources */ = {isa = PBXBuildFile; fileRef = 2125998E2693218A00FE747A /* noWiFi.json */; };
		212599942693218A00FE747A /* orangeAlert.json in Resources */ = {isa = PBXBuildFile; fileRef = 2125998F2693218A00FE747A /* orangeAlert.json */; };
		212599952693218A00FE747A /* expiredAlert.json in Resources */ = {isa = PBXBuildFile; fileRef = 212599902693218A00FE747A /* expiredAlert.json */; };
		212599962693218A00FE747A /* redAlert.json in Resources */ = {isa = PBXBuildFile; fileRef = 212599912693218A00FE747A /* redAlert.json */; };
		2125999C269321AD00FE747A /* CaseModel.swift in Sources */ = {isa = PBXBuildFile; fileRef = 21259999269321AD00FE747A /* CaseModel.swift */; };
		2125999D269321AD00FE747A /* ProductModel.swift in Sources */ = {isa = PBXBuildFile; fileRef = 2125999A269321AD00FE747A /* ProductModel.swift */; };
		212599A8269321D600FE747A /* TitleCell.swift in Sources */ = {isa = PBXBuildFile; fileRef = 2125999F269321D600FE747A /* TitleCell.swift */; };
		212599BB269321FA00FE747A /* SelectionView.swift in Sources */ = {isa = PBXBuildFile; fileRef = 212599B4269321FA00FE747A /* SelectionView.swift */; };
		212599BC269321FA00FE747A /* SelectionHeader.swift in Sources */ = {isa = PBXBuildFile; fileRef = 212599B5269321FA00FE747A /* SelectionHeader.swift */; };
		212599BD269321FA00FE747A /* NotConnectedView.swift in Sources */ = {isa = PBXBuildFile; fileRef = 212599B6269321FA00FE747A /* NotConnectedView.swift */; };
		212599BE269321FA00FE747A /* LoadingView.swift in Sources */ = {isa = PBXBuildFile; fileRef = 212599B7269321FA00FE747A /* LoadingView.swift */; };
		218A428F2691A5BD007CE09B /* Main.storyboard in Resources */ = {isa = PBXBuildFile; fileRef = 21D29792269163BD004D7031 /* Main.storyboard */; };
		21A275B72695CD31008FDC3E /* SelectionCell.swift in Sources */ = {isa = PBXBuildFile; fileRef = 21A275B62695CD31008FDC3E /* SelectionCell.swift */; };
		21A275B92695D286008FDC3E /* ProductDashboardViewController.swift in Sources */ = {isa = PBXBuildFile; fileRef = 21A275B82695D286008FDC3E /* ProductDashboardViewController.swift */; };
		21A275C626963258008FDC3E /* AddProductViewController.swift in Sources */ = {isa = PBXBuildFile; fileRef = 21A275C526963258008FDC3E /* AddProductViewController.swift */; };
		21A275C82696344B008FDC3E /* ColorSelectViewController.swift in Sources */ = {isa = PBXBuildFile; fileRef = 21A275C72696344B008FDC3E /* ColorSelectViewController.swift */; };
		21A275CA26982266008FDC3E /* ViewDesigner.swift in Sources */ = {isa = PBXBuildFile; fileRef = 21A275C926982264008FDC3E /* ViewDesigner.swift */; };
		21A275CC269846CF008FDC3E /* CollectionViewLeadingFlowLayout.swift in Sources */ = {isa = PBXBuildFile; fileRef = 21A275CB269846CE008FDC3E /* CollectionViewLeadingFlowLayout.swift */; };
		21AE1BE526996B1500EACE3A /* CaseTable.swift in Sources */ = {isa = PBXBuildFile; fileRef = 21AE1BE426996B1500EACE3A /* CaseTable.swift */; };
		21AE1BE726999D2200EACE3A /* CaseManager.swift in Sources */ = {isa = PBXBuildFile; fileRef = 21AE1BE626999D2200EACE3A /* CaseManager.swift */; };
		21AE1BE926999FA700EACE3A /* StockManager.swift in Sources */ = {isa = PBXBuildFile; fileRef = 21AE1BE826999FA700EACE3A /* StockManager.swift */; };
		21AE1BEC2699B8B900EACE3A /* StockTable.swift in Sources */ = {isa = PBXBuildFile; fileRef = 21AE1BEB2699B8B900EACE3A /* StockTable.swift */; };
		21AE1BF02699CC6C00EACE3A /* ProductManager.swift in Sources */ = {isa = PBXBuildFile; fileRef = 21AE1BEF2699CC6C00EACE3A /* ProductManager.swift */; };
		21AE1BF22699DEF100EACE3A /* NewCaseAlertsModel.swift in Sources */ = {isa = PBXBuildFile; fileRef = 21AE1BF12699DEF100EACE3A /* NewCaseAlertsModel.swift */; };
		21AE1BF8269CCBA600EACE3A /* StockAlertsModel.swift in Sources */ = {isa = PBXBuildFile; fileRef = 21AE1BF7269CCBA600EACE3A /* StockAlertsModel.swift */; };
		21AE1BFD269D71AC00EACE3A /* MediatorProtocol.swift in Sources */ = {isa = PBXBuildFile; fileRef = 21AE1BFC269D71AC00EACE3A /* MediatorProtocol.swift */; };
		21AE1BFF269D71BD00EACE3A /* ColleagueProtocols.swift in Sources */ = {isa = PBXBuildFile; fileRef = 21AE1BFE269D71BD00EACE3A /* ColleagueProtocols.swift */; };
		21AE1C06269F77D800EACE3A /* LocationModel.swift in Sources */ = {isa = PBXBuildFile; fileRef = 21AE1C05269F77D800EACE3A /* LocationModel.swift */; };
		21AE1C08269FAC1A00EACE3A /* LocationManager.swift in Sources */ = {isa = PBXBuildFile; fileRef = 21AE1C07269FAC1A00EACE3A /* LocationManager.swift */; };
		21AE1C0A269FDE0200EACE3A /* SFButton.swift in Sources */ = {isa = PBXBuildFile; fileRef = 21AE1C09269FDE0200EACE3A /* SFButton.swift */; };
		21AE1C0C26A0669C00EACE3A /* PickerTextField.swift in Sources */ = {isa = PBXBuildFile; fileRef = 21AE1C0B26A0669C00EACE3A /* PickerTextField.swift */; };
		21AE1C0E26A1737D00EACE3A /* ExpandingTFCell.swift in Sources */ = {isa = PBXBuildFile; fileRef = 21AE1C0D26A1737D00EACE3A /* ExpandingTFCell.swift */; };
		21AE1C1026A18FBB00EACE3A /* TextFieldCell.swift in Sources */ = {isa = PBXBuildFile; fileRef = 21AE1C0F26A18FBB00EACE3A /* TextFieldCell.swift */; };
		21AE1C1226A1A25900EACE3A /* ButtonCell.swift in Sources */ = {isa = PBXBuildFile; fileRef = 21AE1C1126A1A25900EACE3A /* ButtonCell.swift */; };
		21AE1C1426A1A96A00EACE3A /* TableCellProtocols.swift in Sources */ = {isa = PBXBuildFile; fileRef = 21AE1C1326A1A96A00EACE3A /* TableCellProtocols.swift */; };
		21AE1C1726A38CCF00EACE3A /* LocationDashboardViewController.swift in Sources */ = {isa = PBXBuildFile; fileRef = 21AE1C1626A38CCF00EACE3A /* LocationDashboardViewController.swift */; };
		21AE1C1926A3975100EACE3A /* AddLocationViewController.swift in Sources */ = {isa = PBXBuildFile; fileRef = 21AE1C1826A3975100EACE3A /* AddLocationViewController.swift */; };
		21AE1C1B26A4300000EACE3A /* CaseCell.swift in Sources */ = {isa = PBXBuildFile; fileRef = 21AE1C1A26A42FFF00EACE3A /* CaseCell.swift */; };
		21C3875B2691659C00D17F45 /* HexColors.swift in Sources */ = {isa = PBXBuildFile; fileRef = 21C387552691659B00D17F45 /* HexColors.swift */; };
		21D2978D269163BD004D7031 /* AppDelegate.swift in Sources */ = {isa = PBXBuildFile; fileRef = 21D2978C269163BD004D7031 /* AppDelegate.swift */; };
		21D2978F269163BD004D7031 /* SceneDelegate.swift in Sources */ = {isa = PBXBuildFile; fileRef = 21D2978E269163BD004D7031 /* SceneDelegate.swift */; };
		21D29796269163C5004D7031 /* Assets.xcassets in Resources */ = {isa = PBXBuildFile; fileRef = 21D29795269163C5004D7031 /* Assets.xcassets */; };
		21D29799269163C5004D7031 /* LaunchScreen.storyboard in Resources */ = {isa = PBXBuildFile; fileRef = 21D29797269163C5004D7031 /* LaunchScreen.storyboard */; };
		27C4CE845FAA67A80B9D4735 /* Pods_StockSafe.framework in Frameworks */ = {isa = PBXBuildFile; fileRef = AB09A9FDFD1F2ADD274F9696 /* Pods_StockSafe.framework */; };
/* End PBXBuildFile section */

/* Begin PBXFileReference section */
		211CD55F26916A7A001235CC /* GoogleService-Info.plist */ = {isa = PBXFileReference; fileEncoding = 4; lastKnownFileType = text.plist.xml; path = "GoogleService-Info.plist"; sourceTree = "<group>"; };
		211CD56126916C58001235CC /* absl.framework */ = {isa = PBXFileReference; explicitFileType = wrapper.framework; name = absl.framework; path = "/Users/davidjabech/Library/Developer/Xcode/DerivedData/StockSafe-ccwfnnxymhmdveelsuopmdlflzmm/Build/Products/Debug-iphoneos/abseil/absl.framework"; sourceTree = "<absolute>"; };
		2125996E2693210300FE747A /* StockCasesViewController.swift */ = {isa = PBXFileReference; fileEncoding = 4; lastKnownFileType = sourcecode.swift; path = StockCasesViewController.swift; sourceTree = "<group>"; };
		2125996F2693210300FE747A /* HomeViewController.swift */ = {isa = PBXFileReference; fileEncoding = 4; lastKnownFileType = sourcecode.swift; path = HomeViewController.swift; sourceTree = "<group>"; };
		212599732693210300FE747A /* NewCaseViewController.swift */ = {isa = PBXFileReference; fileEncoding = 4; lastKnownFileType = sourcecode.swift; path = NewCaseViewController.swift; sourceTree = "<group>"; };
		212599792693210300FE747A /* LoginViewController.swift */ = {isa = PBXFileReference; fileEncoding = 4; lastKnownFileType = sourcecode.swift; path = LoginViewController.swift; sourceTree = "<group>"; };
		2125997A2693210300FE747A /* CreateAccountViewController.swift */ = {isa = PBXFileReference; fileEncoding = 4; lastKnownFileType = sourcecode.swift; path = CreateAccountViewController.swift; sourceTree = "<group>"; };
		2125997B2693210300FE747A /* SettingsViewController.swift */ = {isa = PBXFileReference; fileEncoding = 4; lastKnownFileType = sourcecode.swift; path = SettingsViewController.swift; sourceTree = "<group>"; };
		2125997C2693210300FE747A /* SubscriptionViewController.swift */ = {isa = PBXFileReference; fileEncoding = 4; lastKnownFileType = sourcecode.swift; path = SubscriptionViewController.swift; sourceTree = "<group>"; };
		2125998D2693218A00FE747A /* loadingBox.json */ = {isa = PBXFileReference; fileEncoding = 4; lastKnownFileType = text.json; path = loadingBox.json; sourceTree = "<group>"; };
		2125998E2693218A00FE747A /* noWiFi.json */ = {isa = PBXFileReference; fileEncoding = 4; lastKnownFileType = text.json; path = noWiFi.json; sourceTree = "<group>"; };
		2125998F2693218A00FE747A /* orangeAlert.json */ = {isa = PBXFileReference; fileEncoding = 4; lastKnownFileType = text.json; path = orangeAlert.json; sourceTree = "<group>"; };
		212599902693218A00FE747A /* expiredAlert.json */ = {isa = PBXFileReference; fileEncoding = 4; lastKnownFileType = text.json; path = expiredAlert.json; sourceTree = "<group>"; };
		212599912693218A00FE747A /* redAlert.json */ = {isa = PBXFileReference; fileEncoding = 4; lastKnownFileType = text.json; path = redAlert.json; sourceTree = "<group>"; };
		21259999269321AD00FE747A /* CaseModel.swift */ = {isa = PBXFileReference; fileEncoding = 4; lastKnownFileType = sourcecode.swift; path = CaseModel.swift; sourceTree = "<group>"; };
		2125999A269321AD00FE747A /* ProductModel.swift */ = {isa = PBXFileReference; fileEncoding = 4; lastKnownFileType = sourcecode.swift; path = ProductModel.swift; sourceTree = "<group>"; };
		2125999F269321D600FE747A /* TitleCell.swift */ = {isa = PBXFileReference; fileEncoding = 4; lastKnownFileType = sourcecode.swift; path = TitleCell.swift; sourceTree = "<group>"; };
		212599B4269321FA00FE747A /* SelectionView.swift */ = {isa = PBXFileReference; fileEncoding = 4; lastKnownFileType = sourcecode.swift; path = SelectionView.swift; sourceTree = "<group>"; };
		212599B5269321FA00FE747A /* SelectionHeader.swift */ = {isa = PBXFileReference; fileEncoding = 4; lastKnownFileType = sourcecode.swift; path = SelectionHeader.swift; sourceTree = "<group>"; };
		212599B6269321FA00FE747A /* NotConnectedView.swift */ = {isa = PBXFileReference; fileEncoding = 4; lastKnownFileType = sourcecode.swift; path = NotConnectedView.swift; sourceTree = "<group>"; };
		212599B7269321FA00FE747A /* LoadingView.swift */ = {isa = PBXFileReference; fileEncoding = 4; lastKnownFileType = sourcecode.swift; path = LoadingView.swift; sourceTree = "<group>"; };
		21A275B62695CD31008FDC3E /* SelectionCell.swift */ = {isa = PBXFileReference; lastKnownFileType = sourcecode.swift; path = SelectionCell.swift; sourceTree = "<group>"; };
		21A275B82695D286008FDC3E /* ProductDashboardViewController.swift */ = {isa = PBXFileReference; lastKnownFileType = sourcecode.swift; path = ProductDashboardViewController.swift; sourceTree = "<group>"; };
		21A275C526963258008FDC3E /* AddProductViewController.swift */ = {isa = PBXFileReference; lastKnownFileType = sourcecode.swift; path = AddProductViewController.swift; sourceTree = "<group>"; };
		21A275C72696344B008FDC3E /* ColorSelectViewController.swift */ = {isa = PBXFileReference; lastKnownFileType = sourcecode.swift; path = ColorSelectViewController.swift; sourceTree = "<group>"; };
		21A275C926982264008FDC3E /* ViewDesigner.swift */ = {isa = PBXFileReference; lastKnownFileType = sourcecode.swift; path = ViewDesigner.swift; sourceTree = "<group>"; };
		21A275CB269846CE008FDC3E /* CollectionViewLeadingFlowLayout.swift */ = {isa = PBXFileReference; lastKnownFileType = sourcecode.swift; path = CollectionViewLeadingFlowLayout.swift; sourceTree = "<group>"; };
		21AE1BE426996B1500EACE3A /* CaseTable.swift */ = {isa = PBXFileReference; lastKnownFileType = sourcecode.swift; path = CaseTable.swift; sourceTree = "<group>"; };
		21AE1BE626999D2200EACE3A /* CaseManager.swift */ = {isa = PBXFileReference; lastKnownFileType = sourcecode.swift; path = CaseManager.swift; sourceTree = "<group>"; };
		21AE1BE826999FA700EACE3A /* StockManager.swift */ = {isa = PBXFileReference; lastKnownFileType = sourcecode.swift; path = StockManager.swift; sourceTree = "<group>"; };
		21AE1BEB2699B8B900EACE3A /* StockTable.swift */ = {isa = PBXFileReference; lastKnownFileType = sourcecode.swift; path = StockTable.swift; sourceTree = "<group>"; };
		21AE1BEF2699CC6C00EACE3A /* ProductManager.swift */ = {isa = PBXFileReference; lastKnownFileType = sourcecode.swift; path = ProductManager.swift; sourceTree = "<group>"; };
		21AE1BF12699DEF100EACE3A /* NewCaseAlertsModel.swift */ = {isa = PBXFileReference; lastKnownFileType = sourcecode.swift; path = NewCaseAlertsModel.swift; sourceTree = "<group>"; };
		21AE1BF7269CCBA600EACE3A /* StockAlertsModel.swift */ = {isa = PBXFileReference; lastKnownFileType = sourcecode.swift; path = StockAlertsModel.swift; sourceTree = "<group>"; };
		21AE1BFC269D71AC00EACE3A /* MediatorProtocol.swift */ = {isa = PBXFileReference; lastKnownFileType = sourcecode.swift; path = MediatorProtocol.swift; sourceTree = "<group>"; };
		21AE1BFE269D71BD00EACE3A /* ColleagueProtocols.swift */ = {isa = PBXFileReference; lastKnownFileType = sourcecode.swift; path = ColleagueProtocols.swift; sourceTree = "<group>"; };
		21AE1C05269F77D800EACE3A /* LocationModel.swift */ = {isa = PBXFileReference; lastKnownFileType = sourcecode.swift; path = LocationModel.swift; sourceTree = "<group>"; };
		21AE1C07269FAC1A00EACE3A /* LocationManager.swift */ = {isa = PBXFileReference; lastKnownFileType = sourcecode.swift; path = LocationManager.swift; sourceTree = "<group>"; };
		21AE1C09269FDE0200EACE3A /* SFButton.swift */ = {isa = PBXFileReference; lastKnownFileType = sourcecode.swift; path = SFButton.swift; sourceTree = "<group>"; };
		21AE1C0B26A0669C00EACE3A /* PickerTextField.swift */ = {isa = PBXFileReference; lastKnownFileType = sourcecode.swift; path = PickerTextField.swift; sourceTree = "<group>"; };
		21AE1C0D26A1737D00EACE3A /* ExpandingTFCell.swift */ = {isa = PBXFileReference; lastKnownFileType = sourcecode.swift; path = ExpandingTFCell.swift; sourceTree = "<group>"; };
		21AE1C0F26A18FBB00EACE3A /* TextFieldCell.swift */ = {isa = PBXFileReference; lastKnownFileType = sourcecode.swift; path = TextFieldCell.swift; sourceTree = "<group>"; };
		21AE1C1126A1A25900EACE3A /* ButtonCell.swift */ = {isa = PBXFileReference; lastKnownFileType = sourcecode.swift; path = ButtonCell.swift; sourceTree = "<group>"; };
		21AE1C1326A1A96A00EACE3A /* TableCellProtocols.swift */ = {isa = PBXFileReference; lastKnownFileType = sourcecode.swift; path = TableCellProtocols.swift; sourceTree = "<group>"; };
		21AE1C1626A38CCF00EACE3A /* LocationDashboardViewController.swift */ = {isa = PBXFileReference; lastKnownFileType = sourcecode.swift; path = LocationDashboardViewController.swift; sourceTree = "<group>"; };
		21AE1C1826A3975100EACE3A /* AddLocationViewController.swift */ = {isa = PBXFileReference; lastKnownFileType = sourcecode.swift; path = AddLocationViewController.swift; sourceTree = "<group>"; };
		21AE1C1A26A42FFF00EACE3A /* CaseCell.swift */ = {isa = PBXFileReference; lastKnownFileType = sourcecode.swift; path = CaseCell.swift; sourceTree = "<group>"; };
		21C387552691659B00D17F45 /* HexColors.swift */ = {isa = PBXFileReference; fileEncoding = 4; lastKnownFileType = sourcecode.swift; path = HexColors.swift; sourceTree = "<group>"; };
		21D29789269163BD004D7031 /* StockSafe.app */ = {isa = PBXFileReference; explicitFileType = wrapper.application; includeInIndex = 0; path = StockSafe.app; sourceTree = BUILT_PRODUCTS_DIR; };
		21D2978C269163BD004D7031 /* AppDelegate.swift */ = {isa = PBXFileReference; lastKnownFileType = sourcecode.swift; path = AppDelegate.swift; sourceTree = "<group>"; };
		21D2978E269163BD004D7031 /* SceneDelegate.swift */ = {isa = PBXFileReference; lastKnownFileType = sourcecode.swift; path = SceneDelegate.swift; sourceTree = "<group>"; };
		21D29793269163BD004D7031 /* Base */ = {isa = PBXFileReference; lastKnownFileType = file.storyboard; name = Base; path = Base.lproj/Main.storyboard; sourceTree = "<group>"; };
		21D29795269163C5004D7031 /* Assets.xcassets */ = {isa = PBXFileReference; lastKnownFileType = folder.assetcatalog; path = Assets.xcassets; sourceTree = "<group>"; };
		21D29798269163C5004D7031 /* Base */ = {isa = PBXFileReference; lastKnownFileType = file.storyboard; name = Base; path = Base.lproj/LaunchScreen.storyboard; sourceTree = "<group>"; };
		21D2979A269163C5004D7031 /* Info.plist */ = {isa = PBXFileReference; lastKnownFileType = text.plist.xml; path = Info.plist; sourceTree = "<group>"; };
		2AAAA0F265974470255C0DC8 /* Pods-StockSafe.release.xcconfig */ = {isa = PBXFileReference; includeInIndex = 1; lastKnownFileType = text.xcconfig; name = "Pods-StockSafe.release.xcconfig"; path = "Target Support Files/Pods-StockSafe/Pods-StockSafe.release.xcconfig"; sourceTree = "<group>"; };
		AB09A9FDFD1F2ADD274F9696 /* Pods_StockSafe.framework */ = {isa = PBXFileReference; explicitFileType = wrapper.framework; includeInIndex = 0; path = Pods_StockSafe.framework; sourceTree = BUILT_PRODUCTS_DIR; };
		E480BB874781824088A1029F /* Pods-StockSafe.debug.xcconfig */ = {isa = PBXFileReference; includeInIndex = 1; lastKnownFileType = text.xcconfig; name = "Pods-StockSafe.debug.xcconfig"; path = "Target Support Files/Pods-StockSafe/Pods-StockSafe.debug.xcconfig"; sourceTree = "<group>"; };
/* End PBXFileReference section */

/* Begin PBXFrameworksBuildPhase section */
		21D29786269163BD004D7031 /* Frameworks */ = {
			isa = PBXFrameworksBuildPhase;
			buildActionMask = 2147483647;
			files = (
				27C4CE845FAA67A80B9D4735 /* Pods_StockSafe.framework in Frameworks */,
			);
			runOnlyForDeploymentPostprocessing = 0;
		};
/* End PBXFrameworksBuildPhase section */

/* Begin PBXGroup section */
		2125996D2693210300FE747A /* MainViewControllers */ = {
			isa = PBXGroup;
			children = (
				212599792693210300FE747A /* LoginViewController.swift */,
				2125997A2693210300FE747A /* CreateAccountViewController.swift */,
				2125996F2693210300FE747A /* HomeViewController.swift */,
				212599732693210300FE747A /* NewCaseViewController.swift */,
				2125996E2693210300FE747A /* StockCasesViewController.swift */,
			);
			path = MainViewControllers;
			sourceTree = "<group>";
		};
		2125998C2693218A00FE747A /* LottieFiles */ = {
			isa = PBXGroup;
			children = (
				2125998D2693218A00FE747A /* loadingBox.json */,
				2125998E2693218A00FE747A /* noWiFi.json */,
				2125998F2693218A00FE747A /* orangeAlert.json */,
				212599902693218A00FE747A /* expiredAlert.json */,
				212599912693218A00FE747A /* redAlert.json */,
			);
			path = LottieFiles;
			sourceTree = "<group>";
		};
		2125999E269321D600FE747A /* ReusableCells */ = {
			isa = PBXGroup;
			children = (
				2125999F269321D600FE747A /* TitleCell.swift */,
				21A275B62695CD31008FDC3E /* SelectionCell.swift */,
				21AE1C0F26A18FBB00EACE3A /* TextFieldCell.swift */,
				21AE1C0D26A1737D00EACE3A /* ExpandingTFCell.swift */,
				21AE1C1126A1A25900EACE3A /* ButtonCell.swift */,
				21AE1C1A26A42FFF00EACE3A /* CaseCell.swift */,
			);
			path = ReusableCells;
			sourceTree = "<group>";
		};
		212599B1269321FA00FE747A /* Views */ = {
			isa = PBXGroup;
			children = (
				2125999E269321D600FE747A /* ReusableCells */,
				212599B5269321FA00FE747A /* SelectionHeader.swift */,
				212599B6269321FA00FE747A /* NotConnectedView.swift */,
				212599B7269321FA00FE747A /* LoadingView.swift */,
				21AE1C09269FDE0200EACE3A /* SFButton.swift */,
				21AE1C0B26A0669C00EACE3A /* PickerTextField.swift */,
			);
			path = Views;
			sourceTree = "<group>";
		};
		21A275C3269630F1008FDC3E /* ProductDashViewControllers */ = {
			isa = PBXGroup;
			children = (
				21A275B82695D286008FDC3E /* ProductDashboardViewController.swift */,
				21A275C526963258008FDC3E /* AddProductViewController.swift */,
				21A275C72696344B008FDC3E /* ColorSelectViewController.swift */,
			);
			path = ProductDashViewControllers;
			sourceTree = "<group>";
		};
		21A275C42696310A008FDC3E /* SettingsViewControllers */ = {
			isa = PBXGroup;
			children = (
				2125997B2693210300FE747A /* SettingsViewController.swift */,
				2125997C2693210300FE747A /* SubscriptionViewController.swift */,
			);
			path = SettingsViewControllers;
			sourceTree = "<group>";
		};
		21AE1BEA2699A9E700EACE3A /* ViewViewModels */ = {
			isa = PBXGroup;
			children = (
				21AE1BE426996B1500EACE3A /* CaseTable.swift */,
				21AE1BEB2699B8B900EACE3A /* StockTable.swift */,
				212599B4269321FA00FE747A /* SelectionView.swift */,
			);
			path = ViewViewModels;
			sourceTree = "<group>";
		};
		21AE1BEE2699C4C500EACE3A /* Mediators */ = {
			isa = PBXGroup;
			children = (
				2125996D2693210300FE747A /* MainViewControllers */,
				21A275C3269630F1008FDC3E /* ProductDashViewControllers */,
				21AE1C1526A38CA600EACE3A /* LocationDashViewControllers */,
				21A275C42696310A008FDC3E /* SettingsViewControllers */,
			);
			path = Mediators;
			sourceTree = "<group>";
		};
		21AE1BF9269D6FD900EACE3A /* Colleagues */ = {
			isa = PBXGroup;
			children = (
				21AE1C02269DDA6100EACE3A /* Alerts */,
				21AE1C01269DDA4D00EACE3A /* Managers */,
				21AE1BEA2699A9E700EACE3A /* ViewViewModels */,
				21AE1C00269DDA3D00EACE3A /* Data */,
			);
			path = Colleagues;
			sourceTree = "<group>";
		};
		21AE1BFA269D714200EACE3A /* HelperFiles */ = {
			isa = PBXGroup;
			children = (
				21C387552691659B00D17F45 /* HexColors.swift */,
				21A275C926982264008FDC3E /* ViewDesigner.swift */,
				21A275CB269846CE008FDC3E /* CollectionViewLeadingFlowLayout.swift */,
			);
			path = HelperFiles;
			sourceTree = "<group>";
		};
		21AE1BFB269D719100EACE3A /* Protocols */ = {
			isa = PBXGroup;
			children = (
				21AE1BFC269D71AC00EACE3A /* MediatorProtocol.swift */,
				21AE1BFE269D71BD00EACE3A /* ColleagueProtocols.swift */,
				21AE1C1326A1A96A00EACE3A /* TableCellProtocols.swift */,
			);
			path = Protocols;
			sourceTree = "<group>";
		};
		21AE1C00269DDA3D00EACE3A /* Data */ = {
			isa = PBXGroup;
			children = (
				21AE1C05269F77D800EACE3A /* LocationModel.swift */,
				2125999A269321AD00FE747A /* ProductModel.swift */,
				21259999269321AD00FE747A /* CaseModel.swift */,
			);
			path = Data;
			sourceTree = "<group>";
		};
		21AE1C01269DDA4D00EACE3A /* Managers */ = {
			isa = PBXGroup;
			children = (
				21AE1C07269FAC1A00EACE3A /* LocationManager.swift */,
				21AE1BEF2699CC6C00EACE3A /* ProductManager.swift */,
				21AE1BE626999D2200EACE3A /* CaseManager.swift */,
				21AE1BE826999FA700EACE3A /* StockManager.swift */,
			);
			path = Managers;
			sourceTree = "<group>";
		};
		21AE1C02269DDA6100EACE3A /* Alerts */ = {
			isa = PBXGroup;
			children = (
				21AE1BF12699DEF100EACE3A /* NewCaseAlertsModel.swift */,
				21AE1BF7269CCBA600EACE3A /* StockAlertsModel.swift */,
			);
			path = Alerts;
			sourceTree = "<group>";
		};
		21AE1C1526A38CA600EACE3A /* LocationDashViewControllers */ = {
			isa = PBXGroup;
			children = (
				21AE1C1626A38CCF00EACE3A /* LocationDashboardViewController.swift */,
				21AE1C1826A3975100EACE3A /* AddLocationViewController.swift */,
			);
			path = LocationDashViewControllers;
			sourceTree = "<group>";
		};
		21D29780269163BD004D7031 = {
			isa = PBXGroup;
			children = (
				21D2978B269163BD004D7031 /* StockSafe */,
				58AE79CE40E7D65B12014C42 /* Frameworks */,
				F20CB41D788B49E447D0B3DE /* Pods */,
			);
			sourceTree = "<group>";
		};
		21D2978A269163BD004D7031 /* Products */ = {
			isa = PBXGroup;
			children = (
				21D29789269163BD004D7031 /* StockSafe.app */,
			);
			name = Products;
			path = ..;
			sourceTree = "<group>";
		};
		21D2978B269163BD004D7031 /* StockSafe */ = {
			isa = PBXGroup;
			children = (
				21D2978C269163BD004D7031 /* AppDelegate.swift */,
				21D2978E269163BD004D7031 /* SceneDelegate.swift */,
				21D29792269163BD004D7031 /* Main.storyboard */,
				21D29797269163C5004D7031 /* LaunchScreen.storyboard */,
				21D29795269163C5004D7031 /* Assets.xcassets */,
				21AE1BEE2699C4C500EACE3A /* Mediators */,
				21AE1BF9269D6FD900EACE3A /* Colleagues */,
				21AE1BFB269D719100EACE3A /* Protocols */,
				212599B1269321FA00FE747A /* Views */,
				21AE1BFA269D714200EACE3A /* HelperFiles */,
				2125998C2693218A00FE747A /* LottieFiles */,
				21D2978A269163BD004D7031 /* Products */,
				21D2979A269163C5004D7031 /* Info.plist */,
				211CD55F26916A7A001235CC /* GoogleService-Info.plist */,
			);
			path = StockSafe;
			sourceTree = "<group>";
		};
		58AE79CE40E7D65B12014C42 /* Frameworks */ = {
			isa = PBXGroup;
			children = (
				211CD56126916C58001235CC /* absl.framework */,
				AB09A9FDFD1F2ADD274F9696 /* Pods_StockSafe.framework */,
			);
			name = Frameworks;
			sourceTree = "<group>";
		};
		F20CB41D788B49E447D0B3DE /* Pods */ = {
			isa = PBXGroup;
			children = (
				E480BB874781824088A1029F /* Pods-StockSafe.debug.xcconfig */,
				2AAAA0F265974470255C0DC8 /* Pods-StockSafe.release.xcconfig */,
			);
			path = Pods;
			sourceTree = "<group>";
		};
/* End PBXGroup section */

/* Begin PBXNativeTarget section */
		21D29788269163BD004D7031 /* StockSafe */ = {
			isa = PBXNativeTarget;
			buildConfigurationList = 21D2979D269163C5004D7031 /* Build configuration list for PBXNativeTarget "StockSafe" */;
			buildPhases = (
				18A125B5B933C801FDF30962 /* [CP] Check Pods Manifest.lock */,
				21D29785269163BD004D7031 /* Sources */,
				21D29786269163BD004D7031 /* Frameworks */,
				21D29787269163BD004D7031 /* Resources */,
				CE55CF42637D87A601C148CA /* [CP] Embed Pods Frameworks */,
				00C21BA84EA63EF6ECE1EAE8 /* [CP] Copy Pods Resources */,
			);
			buildRules = (
			);
			dependencies = (
			);
			name = StockSafe;
			productName = StockSafe;
			productReference = 21D29789269163BD004D7031 /* StockSafe.app */;
			productType = "com.apple.product-type.application";
		};
/* End PBXNativeTarget section */

/* Begin PBXProject section */
		21D29781269163BD004D7031 /* Project object */ = {
			isa = PBXProject;
			attributes = {
				LastSwiftUpdateCheck = 1250;
				LastUpgradeCheck = 1250;
				TargetAttributes = {
					21D29788269163BD004D7031 = {
						CreatedOnToolsVersion = 12.5;
					};
				};
			};
			buildConfigurationList = 21D29784269163BD004D7031 /* Build configuration list for PBXProject "StockSafe" */;
			compatibilityVersion = "Xcode 9.3";
			developmentRegion = en;
			hasScannedForEncodings = 0;
			knownRegions = (
				en,
				Base,
			);
			mainGroup = 21D29780269163BD004D7031;
			productRefGroup = 21D2978A269163BD004D7031 /* Products */;
			projectDirPath = "";
			projectRoot = "";
			targets = (
				21D29788269163BD004D7031 /* StockSafe */,
			);
		};
/* End PBXProject section */

/* Begin PBXResourcesBuildPhase section */
		21D29787269163BD004D7031 /* Resources */ = {
			isa = PBXResourcesBuildPhase;
			buildActionMask = 2147483647;
			files = (
				212599962693218A00FE747A /* redAlert.json in Resources */,
				21D29799269163C5004D7031 /* LaunchScreen.storyboard in Resources */,
				21D29796269163C5004D7031 /* Assets.xcassets in Resources */,
				212599942693218A00FE747A /* orangeAlert.json in Resources */,
				212599932693218A00FE747A /* noWiFi.json in Resources */,
				211CD56026916A7A001235CC /* GoogleService-Info.plist in Resources */,
				218A428F2691A5BD007CE09B /* Main.storyboard in Resources */,
				212599922693218A00FE747A /* loadingBox.json in Resources */,
				212599952693218A00FE747A /* expiredAlert.json in Resources */,
			);
			runOnlyForDeploymentPostprocessing = 0;
		};
/* End PBXResourcesBuildPhase section */

/* Begin PBXShellScriptBuildPhase section */
		00C21BA84EA63EF6ECE1EAE8 /* [CP] Copy Pods Resources */ = {
			isa = PBXShellScriptBuildPhase;
			buildActionMask = 2147483647;
			files = (
			);
			inputFileListPaths = (
				"${PODS_ROOT}/Target Support Files/Pods-StockSafe/Pods-StockSafe-resources-${CONFIGURATION}-input-files.xcfilelist",
			);
			name = "[CP] Copy Pods Resources";
			outputFileListPaths = (
				"${PODS_ROOT}/Target Support Files/Pods-StockSafe/Pods-StockSafe-resources-${CONFIGURATION}-output-files.xcfilelist",
			);
			runOnlyForDeploymentPostprocessing = 0;
			shellPath = /bin/sh;
			shellScript = "\"${PODS_ROOT}/Target Support Files/Pods-StockSafe/Pods-StockSafe-resources.sh\"\n";
			showEnvVarsInLog = 0;
		};
		18A125B5B933C801FDF30962 /* [CP] Check Pods Manifest.lock */ = {
			isa = PBXShellScriptBuildPhase;
			buildActionMask = 2147483647;
			files = (
			);
			inputFileListPaths = (
			);
			inputPaths = (
				"${PODS_PODFILE_DIR_PATH}/Podfile.lock",
				"${PODS_ROOT}/Manifest.lock",
			);
			name = "[CP] Check Pods Manifest.lock";
			outputFileListPaths = (
			);
			outputPaths = (
				"$(DERIVED_FILE_DIR)/Pods-StockSafe-checkManifestLockResult.txt",
			);
			runOnlyForDeploymentPostprocessing = 0;
			shellPath = /bin/sh;
			shellScript = "diff \"${PODS_PODFILE_DIR_PATH}/Podfile.lock\" \"${PODS_ROOT}/Manifest.lock\" > /dev/null\nif [ $? != 0 ] ; then\n    # print error to STDERR\n    echo \"error: The sandbox is not in sync with the Podfile.lock. Run 'pod install' or update your CocoaPods installation.\" >&2\n    exit 1\nfi\n# This output is used by Xcode 'outputs' to avoid re-running this script phase.\necho \"SUCCESS\" > \"${SCRIPT_OUTPUT_FILE_0}\"\n";
			showEnvVarsInLog = 0;
		};
		CE55CF42637D87A601C148CA /* [CP] Embed Pods Frameworks */ = {
			isa = PBXShellScriptBuildPhase;
			buildActionMask = 2147483647;
			files = (
			);
			inputFileListPaths = (
				"${PODS_ROOT}/Target Support Files/Pods-StockSafe/Pods-StockSafe-frameworks-${CONFIGURATION}-input-files.xcfilelist",
			);
			name = "[CP] Embed Pods Frameworks";
			outputFileListPaths = (
				"${PODS_ROOT}/Target Support Files/Pods-StockSafe/Pods-StockSafe-frameworks-${CONFIGURATION}-output-files.xcfilelist",
			);
			runOnlyForDeploymentPostprocessing = 0;
			shellPath = /bin/sh;
			shellScript = "\"${PODS_ROOT}/Target Support Files/Pods-StockSafe/Pods-StockSafe-frameworks.sh\"\n";
			showEnvVarsInLog = 0;
		};
/* End PBXShellScriptBuildPhase section */

/* Begin PBXSourcesBuildPhase section */
		21D29785269163BD004D7031 /* Sources */ = {
			isa = PBXSourcesBuildPhase;
			buildActionMask = 2147483647;
			files = (
				21AE1C1426A1A96A00EACE3A /* TableCellProtocols.swift in Sources */,
				2125998B2693210300FE747A /* SubscriptionViewController.swift in Sources */,
				212599822693210300FE747A /* NewCaseViewController.swift in Sources */,
				21AE1BE726999D2200EACE3A /* CaseManager.swift in Sources */,
				212599BC269321FA00FE747A /* SelectionHeader.swift in Sources */,
				21AE1C0E26A1737D00EACE3A /* ExpandingTFCell.swift in Sources */,
				2125999D269321AD00FE747A /* ProductModel.swift in Sources */,
				2125997E2693210300FE747A /* HomeViewController.swift in Sources */,
				21A275C82696344B008FDC3E /* ColorSelectViewController.swift in Sources */,
				212599882693210300FE747A /* LoginViewController.swift in Sources */,
				212599892693210300FE747A /* CreateAccountViewController.swift in Sources */,
				21A275CA26982266008FDC3E /* ViewDesigner.swift in Sources */,
				21D2978D269163BD004D7031 /* AppDelegate.swift in Sources */,
				21C3875B2691659C00D17F45 /* HexColors.swift in Sources */,
				21AE1BF8269CCBA600EACE3A /* StockAlertsModel.swift in Sources */,
				212599A8269321D600FE747A /* TitleCell.swift in Sources */,
				21AE1BF22699DEF100EACE3A /* NewCaseAlertsModel.swift in Sources */,
				212599BE269321FA00FE747A /* LoadingView.swift in Sources */,
				212599BB269321FA00FE747A /* SelectionView.swift in Sources */,
				21AE1BFD269D71AC00EACE3A /* MediatorProtocol.swift in Sources */,
				2125997D2693210300FE747A /* StockCasesViewController.swift in Sources */,
				21AE1BEC2699B8B900EACE3A /* StockTable.swift in Sources */,
				21AE1C0C26A0669C00EACE3A /* PickerTextField.swift in Sources */,
				21AE1C1226A1A25900EACE3A /* ButtonCell.swift in Sources */,
				21AE1BE526996B1500EACE3A /* CaseTable.swift in Sources */,
				2125998A2693210300FE747A /* SettingsViewController.swift in Sources */,
				21AE1C06269F77D800EACE3A /* LocationModel.swift in Sources */,
				21AE1C1926A3975100EACE3A /* AddLocationViewController.swift in Sources */,
				21AE1BF02699CC6C00EACE3A /* ProductManager.swift in Sources */,
				21AE1C08269FAC1A00EACE3A /* LocationManager.swift in Sources */,
				2125999C269321AD00FE747A /* CaseModel.swift in Sources */,
				21AE1C1026A18FBB00EACE3A /* TextFieldCell.swift in Sources */,
				21A275B92695D286008FDC3E /* ProductDashboardViewController.swift in Sources */,
				21A275CC269846CF008FDC3E /* CollectionViewLeadingFlowLayout.swift in Sources */,
				21D2978F269163BD004D7031 /* SceneDelegate.swift in Sources */,
				212599BD269321FA00FE747A /* NotConnectedView.swift in Sources */,
				21AE1BE926999FA700EACE3A /* StockManager.swift in Sources */,
				21A275C626963258008FDC3E /* AddProductViewController.swift in Sources */,
				21AE1BFF269D71BD00EACE3A /* ColleagueProtocols.swift in Sources */,
				21AE1C0A269FDE0200EACE3A /* SFButton.swift in Sources */,
				21AE1C1726A38CCF00EACE3A /* LocationDashboardViewController.swift in Sources */,
				21AE1C1B26A4300000EACE3A /* CaseCell.swift in Sources */,
				21A275B72695CD31008FDC3E /* SelectionCell.swift in Sources */,
			);
			runOnlyForDeploymentPostprocessing = 0;
		};
/* End PBXSourcesBuildPhase section */

/* Begin PBXVariantGroup section */
		21D29792269163BD004D7031 /* Main.storyboard */ = {
			isa = PBXVariantGroup;
			children = (
				21D29793269163BD004D7031 /* Base */,
			);
			name = Main.storyboard;
			path = StockSafe;
			sourceTree = SOURCE_ROOT;
		};
		21D29797269163C5004D7031 /* LaunchScreen.storyboard */ = {
			isa = PBXVariantGroup;
			children = (
				21D29798269163C5004D7031 /* Base */,
			);
			name = LaunchScreen.storyboard;
			sourceTree = "<group>";
		};
/* End PBXVariantGroup section */

/* Begin XCBuildConfiguration section */
		21D2979B269163C5004D7031 /* Debug */ = {
			isa = XCBuildConfiguration;
			buildSettings = {
				ALWAYS_SEARCH_USER_PATHS = NO;
				CLANG_ANALYZER_NONNULL = YES;
				CLANG_ANALYZER_NUMBER_OBJECT_CONVERSION = YES_AGGRESSIVE;
				CLANG_CXX_LANGUAGE_STANDARD = "gnu++14";
				CLANG_CXX_LIBRARY = "libc++";
				CLANG_ENABLE_MODULES = YES;
				CLANG_ENABLE_OBJC_ARC = YES;
				CLANG_ENABLE_OBJC_WEAK = YES;
				CLANG_WARN_BLOCK_CAPTURE_AUTORELEASING = YES;
				CLANG_WARN_BOOL_CONVERSION = YES;
				CLANG_WARN_COMMA = YES;
				CLANG_WARN_CONSTANT_CONVERSION = YES;
				CLANG_WARN_DEPRECATED_OBJC_IMPLEMENTATIONS = YES;
				CLANG_WARN_DIRECT_OBJC_ISA_USAGE = YES_ERROR;
				CLANG_WARN_DOCUMENTATION_COMMENTS = YES;
				CLANG_WARN_EMPTY_BODY = YES;
				CLANG_WARN_ENUM_CONVERSION = YES;
				CLANG_WARN_INFINITE_RECURSION = YES;
				CLANG_WARN_INT_CONVERSION = YES;
				CLANG_WARN_NON_LITERAL_NULL_CONVERSION = YES;
				CLANG_WARN_OBJC_IMPLICIT_RETAIN_SELF = YES;
				CLANG_WARN_OBJC_LITERAL_CONVERSION = YES;
				CLANG_WARN_OBJC_ROOT_CLASS = YES_ERROR;
				CLANG_WARN_QUOTED_INCLUDE_IN_FRAMEWORK_HEADER = YES;
				CLANG_WARN_RANGE_LOOP_ANALYSIS = YES;
				CLANG_WARN_STRICT_PROTOTYPES = YES;
				CLANG_WARN_SUSPICIOUS_MOVE = YES;
				CLANG_WARN_UNGUARDED_AVAILABILITY = YES_AGGRESSIVE;
				CLANG_WARN_UNREACHABLE_CODE = YES;
				CLANG_WARN__DUPLICATE_METHOD_MATCH = YES;
				COPY_PHASE_STRIP = NO;
				DEBUG_INFORMATION_FORMAT = dwarf;
				ENABLE_STRICT_OBJC_MSGSEND = YES;
				ENABLE_TESTABILITY = YES;
				GCC_C_LANGUAGE_STANDARD = gnu11;
				GCC_DYNAMIC_NO_PIC = NO;
				GCC_NO_COMMON_BLOCKS = YES;
				GCC_OPTIMIZATION_LEVEL = 0;
				GCC_PREPROCESSOR_DEFINITIONS = (
					"DEBUG=1",
					"$(inherited)",
				);
				GCC_WARN_64_TO_32_BIT_CONVERSION = YES;
				GCC_WARN_ABOUT_RETURN_TYPE = YES_ERROR;
				GCC_WARN_UNDECLARED_SELECTOR = YES;
				GCC_WARN_UNINITIALIZED_AUTOS = YES_AGGRESSIVE;
				GCC_WARN_UNUSED_FUNCTION = YES;
				GCC_WARN_UNUSED_VARIABLE = YES;
				IPHONEOS_DEPLOYMENT_TARGET = 14.5;
				MTL_ENABLE_DEBUG_INFO = INCLUDE_SOURCE;
				MTL_FAST_MATH = YES;
				ONLY_ACTIVE_ARCH = YES;
				SDKROOT = iphoneos;
				SWIFT_ACTIVE_COMPILATION_CONDITIONS = DEBUG;
				SWIFT_OPTIMIZATION_LEVEL = "-Onone";
			};
			name = Debug;
		};
		21D2979C269163C5004D7031 /* Release */ = {
			isa = XCBuildConfiguration;
			buildSettings = {
				ALWAYS_SEARCH_USER_PATHS = NO;
				CLANG_ANALYZER_NONNULL = YES;
				CLANG_ANALYZER_NUMBER_OBJECT_CONVERSION = YES_AGGRESSIVE;
				CLANG_CXX_LANGUAGE_STANDARD = "gnu++14";
				CLANG_CXX_LIBRARY = "libc++";
				CLANG_ENABLE_MODULES = YES;
				CLANG_ENABLE_OBJC_ARC = YES;
				CLANG_ENABLE_OBJC_WEAK = YES;
				CLANG_WARN_BLOCK_CAPTURE_AUTORELEASING = YES;
				CLANG_WARN_BOOL_CONVERSION = YES;
				CLANG_WARN_COMMA = YES;
				CLANG_WARN_CONSTANT_CONVERSION = YES;
				CLANG_WARN_DEPRECATED_OBJC_IMPLEMENTATIONS = YES;
				CLANG_WARN_DIRECT_OBJC_ISA_USAGE = YES_ERROR;
				CLANG_WARN_DOCUMENTATION_COMMENTS = YES;
				CLANG_WARN_EMPTY_BODY = YES;
				CLANG_WARN_ENUM_CONVERSION = YES;
				CLANG_WARN_INFINITE_RECURSION = YES;
				CLANG_WARN_INT_CONVERSION = YES;
				CLANG_WARN_NON_LITERAL_NULL_CONVERSION = YES;
				CLANG_WARN_OBJC_IMPLICIT_RETAIN_SELF = YES;
				CLANG_WARN_OBJC_LITERAL_CONVERSION = YES;
				CLANG_WARN_OBJC_ROOT_CLASS = YES_ERROR;
				CLANG_WARN_QUOTED_INCLUDE_IN_FRAMEWORK_HEADER = YES;
				CLANG_WARN_RANGE_LOOP_ANALYSIS = YES;
				CLANG_WARN_STRICT_PROTOTYPES = YES;
				CLANG_WARN_SUSPICIOUS_MOVE = YES;
				CLANG_WARN_UNGUARDED_AVAILABILITY = YES_AGGRESSIVE;
				CLANG_WARN_UNREACHABLE_CODE = YES;
				CLANG_WARN__DUPLICATE_METHOD_MATCH = YES;
				COPY_PHASE_STRIP = NO;
				DEBUG_INFORMATION_FORMAT = "dwarf-with-dsym";
				ENABLE_NS_ASSERTIONS = NO;
				ENABLE_STRICT_OBJC_MSGSEND = YES;
				GCC_C_LANGUAGE_STANDARD = gnu11;
				GCC_NO_COMMON_BLOCKS = YES;
				GCC_WARN_64_TO_32_BIT_CONVERSION = YES;
				GCC_WARN_ABOUT_RETURN_TYPE = YES_ERROR;
				GCC_WARN_UNDECLARED_SELECTOR = YES;
				GCC_WARN_UNINITIALIZED_AUTOS = YES_AGGRESSIVE;
				GCC_WARN_UNUSED_FUNCTION = YES;
				GCC_WARN_UNUSED_VARIABLE = YES;
				IPHONEOS_DEPLOYMENT_TARGET = 14.5;
				MTL_ENABLE_DEBUG_INFO = NO;
				MTL_FAST_MATH = YES;
				SDKROOT = iphoneos;
				SWIFT_COMPILATION_MODE = wholemodule;
				SWIFT_OPTIMIZATION_LEVEL = "-O";
				VALIDATE_PRODUCT = YES;
			};
			name = Release;
		};
		21D2979E269163C5004D7031 /* Debug */ = {
			isa = XCBuildConfiguration;
			baseConfigurationReference = E480BB874781824088A1029F /* Pods-StockSafe.debug.xcconfig */;
			buildSettings = {
				ASSETCATALOG_COMPILER_APPICON_NAME = AppIcon;
				ASSETCATALOG_COMPILER_GLOBAL_ACCENT_COLOR_NAME = AccentColor;
				CODE_SIGN_STYLE = Automatic;
				DEVELOPMENT_TEAM = X87SB8266V;
				INFOPLIST_FILE = StockSafe/Info.plist;
				LD_RUNPATH_SEARCH_PATHS = (
					"$(inherited)",
					"@executable_path/Frameworks",
				);
				PRODUCT_BUNDLE_IDENTIFIER = ink.sagacity.StockSafe;
				PRODUCT_NAME = "$(TARGET_NAME)";
				SWIFT_VERSION = 5.0;
				TARGETED_DEVICE_FAMILY = 2;
			};
			name = Debug;
		};
		21D2979F269163C5004D7031 /* Release */ = {
			isa = XCBuildConfiguration;
			baseConfigurationReference = 2AAAA0F265974470255C0DC8 /* Pods-StockSafe.release.xcconfig */;
			buildSettings = {
				ASSETCATALOG_COMPILER_APPICON_NAME = AppIcon;
				ASSETCATALOG_COMPILER_GLOBAL_ACCENT_COLOR_NAME = AccentColor;
				CODE_SIGN_STYLE = Automatic;
				DEVELOPMENT_TEAM = X87SB8266V;
				INFOPLIST_FILE = StockSafe/Info.plist;
				LD_RUNPATH_SEARCH_PATHS = (
					"$(inherited)",
					"@executable_path/Frameworks",
				);
				PRODUCT_BUNDLE_IDENTIFIER = ink.sagacity.StockSafe;
				PRODUCT_NAME = "$(TARGET_NAME)";
				SWIFT_VERSION = 5.0;
				TARGETED_DEVICE_FAMILY = 2;
			};
			name = Release;
		};
/* End XCBuildConfiguration section */

/* Begin XCConfigurationList section */
		21D29784269163BD004D7031 /* Build configuration list for PBXProject "StockSafe" */ = {
			isa = XCConfigurationList;
			buildConfigurations = (
				21D2979B269163C5004D7031 /* Debug */,
				21D2979C269163C5004D7031 /* Release */,
			);
			defaultConfigurationIsVisible = 0;
			defaultConfigurationName = Release;
		};
		21D2979D269163C5004D7031 /* Build configuration list for PBXNativeTarget "StockSafe" */ = {
			isa = XCConfigurationList;
			buildConfigurations = (
				21D2979E269163C5004D7031 /* Debug */,
				21D2979F269163C5004D7031 /* Release */,
			);
			defaultConfigurationIsVisible = 0;
			defaultConfigurationName = Release;
		};
/* End XCConfigurationList section */
	};
	rootObject = 21D29781269163BD004D7031 /* Project object */;
}
