// !$*UTF8*$!
{
	archiveVersion = 1;
	classes = {
	};
	objectVersion = 51;
	objects = {

/* Begin PBXBuildFile section */
		211CD56026916A7A001235CC /* GoogleService-Info.plist in Resources */ = {isa = PBXBuildFile; fileRef = 211CD55F26916A7A001235CC /* GoogleService-Info.plist */; };
		2125997D2693210300FE747A /* StockCasesViewController.swift in Sources */ = {isa = PBXBuildFile; fileRef = 2125996E2693210300FE747A /* StockCasesViewController.swift */; };
		2125997E2693210300FE747A /* HomeViewController.swift in Sources */ = {isa = PBXBuildFile; fileRef = 2125996F2693210300FE747A /* HomeViewController.swift */; };
		212599802693210300FE747A /* AccountInfoViewController.swift in Sources */ = {isa = PBXBuildFile; fileRef = 212599712693210300FE747A /* AccountInfoViewController.swift */; };
		212599812693210300FE747A /* SetLimitsViewController.swift in Sources */ = {isa = PBXBuildFile; fileRef = 212599722693210300FE747A /* SetLimitsViewController.swift */; };
		212599822693210300FE747A /* NewCasesViewController.swift in Sources */ = {isa = PBXBuildFile; fileRef = 212599732693210300FE747A /* NewCasesViewController.swift */; };
		212599842693210300FE747A /* TutorialViewController.swift in Sources */ = {isa = PBXBuildFile; fileRef = 212599752693210300FE747A /* TutorialViewController.swift */; };
		212599862693210300FE747A /* DeleteCasesViewController.swift in Sources */ = {isa = PBXBuildFile; fileRef = 212599772693210300FE747A /* DeleteCasesViewController.swift */; };
		212599872693210300FE747A /* ExpiredCasesViewController.swift in Sources */ = {isa = PBXBuildFile; fileRef = 212599782693210300FE747A /* ExpiredCasesViewController.swift */; };
		212599882693210300FE747A /* LoginViewController.swift in Sources */ = {isa = PBXBuildFile; fileRef = 212599792693210300FE747A /* LoginViewController.swift */; };
		212599892693210300FE747A /* CreateAccountViewController.swift in Sources */ = {isa = PBXBuildFile; fileRef = 2125997A2693210300FE747A /* CreateAccountViewController.swift */; };
		2125998A2693210300FE747A /* SettingsViewController.swift in Sources */ = {isa = PBXBuildFile; fileRef = 2125997B2693210300FE747A /* SettingsViewController.swift */; };
		2125998B2693210300FE747A /* SubscriptionViewController.swift in Sources */ = {isa = PBXBuildFile; fileRef = 2125997C2693210300FE747A /* SubscriptionViewController.swift */; };
		212599922693218A00FE747A /* loadingBox.json in Resources */ = {isa = PBXBuildFile; fileRef = 2125998D2693218A00FE747A /* loadingBox.json */; };
		212599932693218A00FE747A /* noWiFi.json in Resources */ = {isa = PBXBuildFile; fileRef = 2125998E2693218A00FE747A /* noWiFi.json */; };
		212599942693218A00FE747A /* orangeAlert.json in Resources */ = {isa = PBXBuildFile; fileRef = 2125998F2693218A00FE747A /* orangeAlert.json */; };
		212599952693218A00FE747A /* expiredAlert.json in Resources */ = {isa = PBXBuildFile; fileRef = 212599902693218A00FE747A /* expiredAlert.json */; };
		212599962693218A00FE747A /* redAlert.json in Resources */ = {isa = PBXBuildFile; fileRef = 212599912693218A00FE747A /* redAlert.json */; };
		2125999B269321AD00FE747A /* StockingData.swift in Sources */ = {isa = PBXBuildFile; fileRef = 21259998269321AD00FE747A /* StockingData.swift */; };
		2125999C269321AD00FE747A /* CaseDataObject.swift in Sources */ = {isa = PBXBuildFile; fileRef = 21259999269321AD00FE747A /* CaseDataObject.swift */; };
		2125999D269321AD00FE747A /* ProductDataObject.swift in Sources */ = {isa = PBXBuildFile; fileRef = 2125999A269321AD00FE747A /* ProductDataObject.swift */; };
		212599A8269321D600FE747A /* TitleCell.swift in Sources */ = {isa = PBXBuildFile; fileRef = 2125999F269321D600FE747A /* TitleCell.swift */; };
		212599A9269321D600FE747A /* LimitSwitchCell.swift in Sources */ = {isa = PBXBuildFile; fileRef = 212599A0269321D600FE747A /* LimitSwitchCell.swift */; };
		212599AA269321D600FE747A /* ProductCell.swift in Sources */ = {isa = PBXBuildFile; fileRef = 212599A1269321D600FE747A /* ProductCell.swift */; };
		212599AB269321D600FE747A /* ExpiredCaseCell.swift in Sources */ = {isa = PBXBuildFile; fileRef = 212599A2269321D600FE747A /* ExpiredCaseCell.swift */; };
		212599AC269321D600FE747A /* ProductLocationCollectionCell.swift in Sources */ = {isa = PBXBuildFile; fileRef = 212599A3269321D600FE747A /* ProductLocationCollectionCell.swift */; };
		212599AD269321D600FE747A /* LimitCell.swift in Sources */ = {isa = PBXBuildFile; fileRef = 212599A4269321D600FE747A /* LimitCell.swift */; };
		212599AE269321D600FE747A /* FieldCell.swift in Sources */ = {isa = PBXBuildFile; fileRef = 212599A5269321D600FE747A /* FieldCell.swift */; };
		212599AF269321D600FE747A /* SignOutCell.swift in Sources */ = {isa = PBXBuildFile; fileRef = 212599A6269321D600FE747A /* SignOutCell.swift */; };
		212599B0269321D600FE747A /* HistoryCell.swift in Sources */ = {isa = PBXBuildFile; fileRef = 212599A7269321D600FE747A /* HistoryCell.swift */; };
		212599B9269321FA00FE747A /* LocationCollectionView.swift in Sources */ = {isa = PBXBuildFile; fileRef = 212599B2269321FA00FE747A /* LocationCollectionView.swift */; };
		212599BA269321FA00FE747A /* StockingHistoryView.swift in Sources */ = {isa = PBXBuildFile; fileRef = 212599B3269321FA00FE747A /* StockingHistoryView.swift */; };
		212599BB269321FA00FE747A /* ProductCollectionView.swift in Sources */ = {isa = PBXBuildFile; fileRef = 212599B4269321FA00FE747A /* ProductCollectionView.swift */; };
		212599BC269321FA00FE747A /* ProductLocationCollectionHeader.swift in Sources */ = {isa = PBXBuildFile; fileRef = 212599B5269321FA00FE747A /* ProductLocationCollectionHeader.swift */; };
		212599BD269321FA00FE747A /* NotConnectedView.swift in Sources */ = {isa = PBXBuildFile; fileRef = 212599B6269321FA00FE747A /* NotConnectedView.swift */; };
		212599BE269321FA00FE747A /* LoadingView.swift in Sources */ = {isa = PBXBuildFile; fileRef = 212599B7269321FA00FE747A /* LoadingView.swift */; };
		212599BF269321FA00FE747A /* DestinationCollectionView.swift in Sources */ = {isa = PBXBuildFile; fileRef = 212599B8269321FA00FE747A /* DestinationCollectionView.swift */; };
		218A428F2691A5BD007CE09B /* Main.storyboard in Resources */ = {isa = PBXBuildFile; fileRef = 21D29792269163BD004D7031 /* Main.storyboard */; };
		21A275B72695CD31008FDC3E /* ProductDashboardCell.swift in Sources */ = {isa = PBXBuildFile; fileRef = 21A275B62695CD31008FDC3E /* ProductDashboardCell.swift */; };
		21A275B92695D286008FDC3E /* ProductDashboardViewController.swift in Sources */ = {isa = PBXBuildFile; fileRef = 21A275B82695D286008FDC3E /* ProductDashboardViewController.swift */; };
		21A275BE2695ED9C008FDC3E /* ProductInfoViewController.swift in Sources */ = {isa = PBXBuildFile; fileRef = 21A275BD2695ED9C008FDC3E /* ProductInfoViewController.swift */; };
		21A275C02695F187008FDC3E /* ProductInfoCell.swift in Sources */ = {isa = PBXBuildFile; fileRef = 21A275BF2695F187008FDC3E /* ProductInfoCell.swift */; };
		21A275C626963258008FDC3E /* AddProductViewController.swift in Sources */ = {isa = PBXBuildFile; fileRef = 21A275C526963258008FDC3E /* AddProductViewController.swift */; };
		21A275C82696344B008FDC3E /* ColorSelectViewController.swift in Sources */ = {isa = PBXBuildFile; fileRef = 21A275C72696344B008FDC3E /* ColorSelectViewController.swift */; };
		21A275CA26982266008FDC3E /* UIViewDesigner.swift in Sources */ = {isa = PBXBuildFile; fileRef = 21A275C926982264008FDC3E /* UIViewDesigner.swift */; };
		21A275CC269846CF008FDC3E /* CollectionViewLeadingFlowLayout.swift in Sources */ = {isa = PBXBuildFile; fileRef = 21A275CB269846CE008FDC3E /* CollectionViewLeadingFlowLayout.swift */; };
		21C3875B2691659C00D17F45 /* HexColors.swift in Sources */ = {isa = PBXBuildFile; fileRef = 21C387552691659B00D17F45 /* HexColors.swift */; };
		21D2978D269163BD004D7031 /* AppDelegate.swift in Sources */ = {isa = PBXBuildFile; fileRef = 21D2978C269163BD004D7031 /* AppDelegate.swift */; };
		21D2978F269163BD004D7031 /* SceneDelegate.swift in Sources */ = {isa = PBXBuildFile; fileRef = 21D2978E269163BD004D7031 /* SceneDelegate.swift */; };
		21D29796269163C5004D7031 /* Assets.xcassets in Resources */ = {isa = PBXBuildFile; fileRef = 21D29795269163C5004D7031 /* Assets.xcassets */; };
		21D29799269163C5004D7031 /* LaunchScreen.storyboard in Resources */ = {isa = PBXBuildFile; fileRef = 21D29797269163C5004D7031 /* LaunchScreen.storyboard */; };
		88830E8CB627F5D0A8466BFF /* Pods_StockSafe.framework in Frameworks */ = {isa = PBXBuildFile; fileRef = C9E214CF67867CC97B6F912E /* Pods_StockSafe.framework */; };
/* End PBXBuildFile section */

/* Begin PBXFileReference section */
		211CD55F26916A7A001235CC /* GoogleService-Info.plist */ = {isa = PBXFileReference; fileEncoding = 4; lastKnownFileType = text.plist.xml; path = "GoogleService-Info.plist"; sourceTree = "<group>"; };
		211CD56126916C58001235CC /* absl.framework */ = {isa = PBXFileReference; explicitFileType = wrapper.framework; name = absl.framework; path = "/Users/davidjabech/Library/Developer/Xcode/DerivedData/StockSafe-ccwfnnxymhmdveelsuopmdlflzmm/Build/Products/Debug-iphoneos/abseil/absl.framework"; sourceTree = "<absolute>"; };
		2125996E2693210300FE747A /* StockCasesViewController.swift */ = {isa = PBXFileReference; fileEncoding = 4; lastKnownFileType = sourcecode.swift; path = StockCasesViewController.swift; sourceTree = "<group>"; };
		2125996F2693210300FE747A /* HomeViewController.swift */ = {isa = PBXFileReference; fileEncoding = 4; lastKnownFileType = sourcecode.swift; path = HomeViewController.swift; sourceTree = "<group>"; };
		212599712693210300FE747A /* AccountInfoViewController.swift */ = {isa = PBXFileReference; fileEncoding = 4; lastKnownFileType = sourcecode.swift; path = AccountInfoViewController.swift; sourceTree = "<group>"; };
		212599722693210300FE747A /* SetLimitsViewController.swift */ = {isa = PBXFileReference; fileEncoding = 4; lastKnownFileType = sourcecode.swift; path = SetLimitsViewController.swift; sourceTree = "<group>"; };
		212599732693210300FE747A /* NewCasesViewController.swift */ = {isa = PBXFileReference; fileEncoding = 4; lastKnownFileType = sourcecode.swift; path = NewCasesViewController.swift; sourceTree = "<group>"; };
		212599752693210300FE747A /* TutorialViewController.swift */ = {isa = PBXFileReference; fileEncoding = 4; lastKnownFileType = sourcecode.swift; path = TutorialViewController.swift; sourceTree = "<group>"; };
		212599772693210300FE747A /* DeleteCasesViewController.swift */ = {isa = PBXFileReference; fileEncoding = 4; lastKnownFileType = sourcecode.swift; path = DeleteCasesViewController.swift; sourceTree = "<group>"; };
		212599782693210300FE747A /* ExpiredCasesViewController.swift */ = {isa = PBXFileReference; fileEncoding = 4; lastKnownFileType = sourcecode.swift; path = ExpiredCasesViewController.swift; sourceTree = "<group>"; };
		212599792693210300FE747A /* LoginViewController.swift */ = {isa = PBXFileReference; fileEncoding = 4; lastKnownFileType = sourcecode.swift; path = LoginViewController.swift; sourceTree = "<group>"; };
		2125997A2693210300FE747A /* CreateAccountViewController.swift */ = {isa = PBXFileReference; fileEncoding = 4; lastKnownFileType = sourcecode.swift; path = CreateAccountViewController.swift; sourceTree = "<group>"; };
		2125997B2693210300FE747A /* SettingsViewController.swift */ = {isa = PBXFileReference; fileEncoding = 4; lastKnownFileType = sourcecode.swift; path = SettingsViewController.swift; sourceTree = "<group>"; };
		2125997C2693210300FE747A /* SubscriptionViewController.swift */ = {isa = PBXFileReference; fileEncoding = 4; lastKnownFileType = sourcecode.swift; path = SubscriptionViewController.swift; sourceTree = "<group>"; };
		2125998D2693218A00FE747A /* loadingBox.json */ = {isa = PBXFileReference; fileEncoding = 4; lastKnownFileType = text.json; path = loadingBox.json; sourceTree = "<group>"; };
		2125998E2693218A00FE747A /* noWiFi.json */ = {isa = PBXFileReference; fileEncoding = 4; lastKnownFileType = text.json; path = noWiFi.json; sourceTree = "<group>"; };
		2125998F2693218A00FE747A /* orangeAlert.json */ = {isa = PBXFileReference; fileEncoding = 4; lastKnownFileType = text.json; path = orangeAlert.json; sourceTree = "<group>"; };
		212599902693218A00FE747A /* expiredAlert.json */ = {isa = PBXFileReference; fileEncoding = 4; lastKnownFileType = text.json; path = expiredAlert.json; sourceTree = "<group>"; };
		212599912693218A00FE747A /* redAlert.json */ = {isa = PBXFileReference; fileEncoding = 4; lastKnownFileType = text.json; path = redAlert.json; sourceTree = "<group>"; };
		21259998269321AD00FE747A /* StockingData.swift */ = {isa = PBXFileReference; fileEncoding = 4; lastKnownFileType = sourcecode.swift; path = StockingData.swift; sourceTree = "<group>"; };
		21259999269321AD00FE747A /* CaseDataObject.swift */ = {isa = PBXFileReference; fileEncoding = 4; lastKnownFileType = sourcecode.swift; path = CaseDataObject.swift; sourceTree = "<group>"; };
		2125999A269321AD00FE747A /* ProductDataObject.swift */ = {isa = PBXFileReference; fileEncoding = 4; lastKnownFileType = sourcecode.swift; path = ProductDataObject.swift; sourceTree = "<group>"; };
		2125999F269321D600FE747A /* TitleCell.swift */ = {isa = PBXFileReference; fileEncoding = 4; lastKnownFileType = sourcecode.swift; path = TitleCell.swift; sourceTree = "<group>"; };
		212599A0269321D600FE747A /* LimitSwitchCell.swift */ = {isa = PBXFileReference; fileEncoding = 4; lastKnownFileType = sourcecode.swift; path = LimitSwitchCell.swift; sourceTree = "<group>"; };
		212599A1269321D600FE747A /* ProductCell.swift */ = {isa = PBXFileReference; fileEncoding = 4; lastKnownFileType = sourcecode.swift; path = ProductCell.swift; sourceTree = "<group>"; };
		212599A2269321D600FE747A /* ExpiredCaseCell.swift */ = {isa = PBXFileReference; fileEncoding = 4; lastKnownFileType = sourcecode.swift; path = ExpiredCaseCell.swift; sourceTree = "<group>"; };
		212599A3269321D600FE747A /* ProductLocationCollectionCell.swift */ = {isa = PBXFileReference; fileEncoding = 4; lastKnownFileType = sourcecode.swift; path = ProductLocationCollectionCell.swift; sourceTree = "<group>"; };
		212599A4269321D600FE747A /* LimitCell.swift */ = {isa = PBXFileReference; fileEncoding = 4; lastKnownFileType = sourcecode.swift; path = LimitCell.swift; sourceTree = "<group>"; };
		212599A5269321D600FE747A /* FieldCell.swift */ = {isa = PBXFileReference; fileEncoding = 4; lastKnownFileType = sourcecode.swift; path = FieldCell.swift; sourceTree = "<group>"; };
		212599A6269321D600FE747A /* SignOutCell.swift */ = {isa = PBXFileReference; fileEncoding = 4; lastKnownFileType = sourcecode.swift; path = SignOutCell.swift; sourceTree = "<group>"; };
		212599A7269321D600FE747A /* HistoryCell.swift */ = {isa = PBXFileReference; fileEncoding = 4; lastKnownFileType = sourcecode.swift; path = HistoryCell.swift; sourceTree = "<group>"; };
		212599B2269321FA00FE747A /* LocationCollectionView.swift */ = {isa = PBXFileReference; fileEncoding = 4; lastKnownFileType = sourcecode.swift; path = LocationCollectionView.swift; sourceTree = "<group>"; };
		212599B3269321FA00FE747A /* StockingHistoryView.swift */ = {isa = PBXFileReference; fileEncoding = 4; lastKnownFileType = sourcecode.swift; path = StockingHistoryView.swift; sourceTree = "<group>"; };
		212599B4269321FA00FE747A /* ProductCollectionView.swift */ = {isa = PBXFileReference; fileEncoding = 4; lastKnownFileType = sourcecode.swift; path = ProductCollectionView.swift; sourceTree = "<group>"; };
		212599B5269321FA00FE747A /* ProductLocationCollectionHeader.swift */ = {isa = PBXFileReference; fileEncoding = 4; lastKnownFileType = sourcecode.swift; path = ProductLocationCollectionHeader.swift; sourceTree = "<group>"; };
		212599B6269321FA00FE747A /* NotConnectedView.swift */ = {isa = PBXFileReference; fileEncoding = 4; lastKnownFileType = sourcecode.swift; path = NotConnectedView.swift; sourceTree = "<group>"; };
		212599B7269321FA00FE747A /* LoadingView.swift */ = {isa = PBXFileReference; fileEncoding = 4; lastKnownFileType = sourcecode.swift; path = LoadingView.swift; sourceTree = "<group>"; };
		212599B8269321FA00FE747A /* DestinationCollectionView.swift */ = {isa = PBXFileReference; fileEncoding = 4; lastKnownFileType = sourcecode.swift; path = DestinationCollectionView.swift; sourceTree = "<group>"; };
		21A275B62695CD31008FDC3E /* ProductDashboardCell.swift */ = {isa = PBXFileReference; lastKnownFileType = sourcecode.swift; path = ProductDashboardCell.swift; sourceTree = "<group>"; };
		21A275B82695D286008FDC3E /* ProductDashboardViewController.swift */ = {isa = PBXFileReference; lastKnownFileType = sourcecode.swift; path = ProductDashboardViewController.swift; sourceTree = "<group>"; };
		21A275BD2695ED9C008FDC3E /* ProductInfoViewController.swift */ = {isa = PBXFileReference; lastKnownFileType = sourcecode.swift; path = ProductInfoViewController.swift; sourceTree = "<group>"; };
		21A275BF2695F187008FDC3E /* ProductInfoCell.swift */ = {isa = PBXFileReference; lastKnownFileType = sourcecode.swift; path = ProductInfoCell.swift; sourceTree = "<group>"; };
		21A275C526963258008FDC3E /* AddProductViewController.swift */ = {isa = PBXFileReference; lastKnownFileType = sourcecode.swift; path = AddProductViewController.swift; sourceTree = "<group>"; };
		21A275C72696344B008FDC3E /* ColorSelectViewController.swift */ = {isa = PBXFileReference; lastKnownFileType = sourcecode.swift; path = ColorSelectViewController.swift; sourceTree = "<group>"; };
		21A275C926982264008FDC3E /* UIViewDesigner.swift */ = {isa = PBXFileReference; lastKnownFileType = sourcecode.swift; path = UIViewDesigner.swift; sourceTree = "<group>"; };
		21A275CB269846CE008FDC3E /* CollectionViewLeadingFlowLayout.swift */ = {isa = PBXFileReference; lastKnownFileType = sourcecode.swift; path = CollectionViewLeadingFlowLayout.swift; sourceTree = "<group>"; };
		21C387552691659B00D17F45 /* HexColors.swift */ = {isa = PBXFileReference; fileEncoding = 4; lastKnownFileType = sourcecode.swift; path = HexColors.swift; sourceTree = "<group>"; };
		21D29789269163BD004D7031 /* StockSafe.app */ = {isa = PBXFileReference; explicitFileType = wrapper.application; includeInIndex = 0; path = StockSafe.app; sourceTree = BUILT_PRODUCTS_DIR; };
		21D2978C269163BD004D7031 /* AppDelegate.swift */ = {isa = PBXFileReference; lastKnownFileType = sourcecode.swift; path = AppDelegate.swift; sourceTree = "<group>"; };
		21D2978E269163BD004D7031 /* SceneDelegate.swift */ = {isa = PBXFileReference; lastKnownFileType = sourcecode.swift; path = SceneDelegate.swift; sourceTree = "<group>"; };
		21D29793269163BD004D7031 /* Base */ = {isa = PBXFileReference; lastKnownFileType = file.storyboard; name = Base; path = Base.lproj/Main.storyboard; sourceTree = "<group>"; };
		21D29795269163C5004D7031 /* Assets.xcassets */ = {isa = PBXFileReference; lastKnownFileType = folder.assetcatalog; path = Assets.xcassets; sourceTree = "<group>"; };
		21D29798269163C5004D7031 /* Base */ = {isa = PBXFileReference; lastKnownFileType = file.storyboard; name = Base; path = Base.lproj/LaunchScreen.storyboard; sourceTree = "<group>"; };
		21D2979A269163C5004D7031 /* Info.plist */ = {isa = PBXFileReference; lastKnownFileType = text.plist.xml; path = Info.plist; sourceTree = "<group>"; };
		423A391A591A4134B97033F6 /* Pods-StockSafe.release.xcconfig */ = {isa = PBXFileReference; includeInIndex = 1; lastKnownFileType = text.xcconfig; name = "Pods-StockSafe.release.xcconfig"; path = "Target Support Files/Pods-StockSafe/Pods-StockSafe.release.xcconfig"; sourceTree = "<group>"; };
		A1EFE029609C759C92963FEA /* Pods-StockSafe.debug.xcconfig */ = {isa = PBXFileReference; includeInIndex = 1; lastKnownFileType = text.xcconfig; name = "Pods-StockSafe.debug.xcconfig"; path = "Target Support Files/Pods-StockSafe/Pods-StockSafe.debug.xcconfig"; sourceTree = "<group>"; };
		C9E214CF67867CC97B6F912E /* Pods_StockSafe.framework */ = {isa = PBXFileReference; explicitFileType = wrapper.framework; includeInIndex = 0; path = Pods_StockSafe.framework; sourceTree = BUILT_PRODUCTS_DIR; };
/* End PBXFileReference section */

/* Begin PBXFrameworksBuildPhase section */
		21D29786269163BD004D7031 /* Frameworks */ = {
			isa = PBXFrameworksBuildPhase;
			buildActionMask = 2147483647;
			files = (
				88830E8CB627F5D0A8466BFF /* Pods_StockSafe.framework in Frameworks */,
			);
			runOnlyForDeploymentPostprocessing = 0;
		};
/* End PBXFrameworksBuildPhase section */

/* Begin PBXGroup section */
		2125996D2693210300FE747A /* MainViewControllers */ = {
			isa = PBXGroup;
			children = (
				212599792693210300FE747A /* LoginViewController.swift */,
				2125997A2693210300FE747A /* CreateAccountViewController.swift */,
				2125996F2693210300FE747A /* HomeViewController.swift */,
				212599732693210300FE747A /* NewCasesViewController.swift */,
				2125996E2693210300FE747A /* StockCasesViewController.swift */,
				212599782693210300FE747A /* ExpiredCasesViewController.swift */,
			);
			path = MainViewControllers;
			sourceTree = "<group>";
		};
		2125998C2693218A00FE747A /* LottieFiles */ = {
			isa = PBXGroup;
			children = (
				2125998D2693218A00FE747A /* loadingBox.json */,
				2125998E2693218A00FE747A /* noWiFi.json */,
				2125998F2693218A00FE747A /* orangeAlert.json */,
				212599902693218A00FE747A /* expiredAlert.json */,
				212599912693218A00FE747A /* redAlert.json */,
			);
			path = LottieFiles;
			sourceTree = "<group>";
		};
		21259997269321AD00FE747A /* Models */ = {
			isa = PBXGroup;
			children = (
				21C387552691659B00D17F45 /* HexColors.swift */,
				21A275C926982264008FDC3E /* UIViewDesigner.swift */,
				21A275CB269846CE008FDC3E /* CollectionViewLeadingFlowLayout.swift */,
			);
			path = Models;
			sourceTree = "<group>";
		};
		2125999E269321D600FE747A /* ReusableCells */ = {
			isa = PBXGroup;
			children = (
				2125999F269321D600FE747A /* TitleCell.swift */,
				212599A0269321D600FE747A /* LimitSwitchCell.swift */,
				212599A1269321D600FE747A /* ProductCell.swift */,
				212599A2269321D600FE747A /* ExpiredCaseCell.swift */,
				212599A3269321D600FE747A /* ProductLocationCollectionCell.swift */,
				212599A4269321D600FE747A /* LimitCell.swift */,
				212599A5269321D600FE747A /* FieldCell.swift */,
				212599A6269321D600FE747A /* SignOutCell.swift */,
				212599A7269321D600FE747A /* HistoryCell.swift */,
				21A275B62695CD31008FDC3E /* ProductDashboardCell.swift */,
				21A275BF2695F187008FDC3E /* ProductInfoCell.swift */,
			);
			path = ReusableCells;
			sourceTree = "<group>";
		};
		212599B1269321FA00FE747A /* Views */ = {
			isa = PBXGroup;
			children = (
				212599B4269321FA00FE747A /* ProductCollectionView.swift */,
				212599B2269321FA00FE747A /* LocationCollectionView.swift */,
				212599B8269321FA00FE747A /* DestinationCollectionView.swift */,
				212599B5269321FA00FE747A /* ProductLocationCollectionHeader.swift */,
				212599B6269321FA00FE747A /* NotConnectedView.swift */,
				212599B7269321FA00FE747A /* LoadingView.swift */,
				212599B3269321FA00FE747A /* StockingHistoryView.swift */,
			);
			path = Views;
			sourceTree = "<group>";
		};
		21A275BA2695D3E2008FDC3E /* DataObjects */ = {
			isa = PBXGroup;
			children = (
				21259998269321AD00FE747A /* StockingData.swift */,
				21259999269321AD00FE747A /* CaseDataObject.swift */,
				2125999A269321AD00FE747A /* ProductDataObject.swift */,
			);
			path = DataObjects;
			sourceTree = "<group>";
		};
		21A275C3269630F1008FDC3E /* ProductDashViewControllers */ = {
			isa = PBXGroup;
			children = (
				21A275B82695D286008FDC3E /* ProductDashboardViewController.swift */,
				21A275BD2695ED9C008FDC3E /* ProductInfoViewController.swift */,
				21A275C526963258008FDC3E /* AddProductViewController.swift */,
				21A275C72696344B008FDC3E /* ColorSelectViewController.swift */,
			);
			path = ProductDashViewControllers;
			sourceTree = "<group>";
		};
		21A275C42696310A008FDC3E /* SettingsViewControllers */ = {
			isa = PBXGroup;
			children = (
				212599712693210300FE747A /* AccountInfoViewController.swift */,
				2125997B2693210300FE747A /* SettingsViewController.swift */,
				212599722693210300FE747A /* SetLimitsViewController.swift */,
				212599752693210300FE747A /* TutorialViewController.swift */,
				212599772693210300FE747A /* DeleteCasesViewController.swift */,
				2125997C2693210300FE747A /* SubscriptionViewController.swift */,
			);
			path = SettingsViewControllers;
			sourceTree = "<group>";
		};
		21D29780269163BD004D7031 = {
			isa = PBXGroup;
			children = (
				21D2978B269163BD004D7031 /* StockSafe */,
				58AE79CE40E7D65B12014C42 /* Frameworks */,
				F20CB41D788B49E447D0B3DE /* Pods */,
			);
			sourceTree = "<group>";
		};
		21D2978A269163BD004D7031 /* Products */ = {
			isa = PBXGroup;
			children = (
				21D29789269163BD004D7031 /* StockSafe.app */,
			);
			name = Products;
			path = ..;
			sourceTree = "<group>";
		};
		21D2978B269163BD004D7031 /* StockSafe */ = {
			isa = PBXGroup;
			children = (
				21D2978C269163BD004D7031 /* AppDelegate.swift */,
				21D2978E269163BD004D7031 /* SceneDelegate.swift */,
				21D29792269163BD004D7031 /* Main.storyboard */,
				21D29797269163C5004D7031 /* LaunchScreen.storyboard */,
				21D29795269163C5004D7031 /* Assets.xcassets */,
				21A275BA2695D3E2008FDC3E /* DataObjects */,
				2125999E269321D600FE747A /* ReusableCells */,
				21259997269321AD00FE747A /* Models */,
				212599B1269321FA00FE747A /* Views */,
				2125996D2693210300FE747A /* MainViewControllers */,
				21A275C3269630F1008FDC3E /* ProductDashViewControllers */,
				21A275C42696310A008FDC3E /* SettingsViewControllers */,
				2125998C2693218A00FE747A /* LottieFiles */,
				21D2978A269163BD004D7031 /* Products */,
				21D2979A269163C5004D7031 /* Info.plist */,
				211CD55F26916A7A001235CC /* GoogleService-Info.plist */,
				57BA6E22338FE638E9E5834C /* Pods */,
			);
			path = StockSafe;
			sourceTree = "<group>";
		};
		57BA6E22338FE638E9E5834C /* Pods */ = {
			isa = PBXGroup;
			children = (
			);
			path = Pods;
			sourceTree = "<group>";
		};
		58AE79CE40E7D65B12014C42 /* Frameworks */ = {
			isa = PBXGroup;
			children = (
				211CD56126916C58001235CC /* absl.framework */,
				C9E214CF67867CC97B6F912E /* Pods_StockSafe.framework */,
			);
			name = Frameworks;
			sourceTree = "<group>";
		};
		F20CB41D788B49E447D0B3DE /* Pods */ = {
			isa = PBXGroup;
			children = (
				A1EFE029609C759C92963FEA /* Pods-StockSafe.debug.xcconfig */,
				423A391A591A4134B97033F6 /* Pods-StockSafe.release.xcconfig */,
			);
			path = Pods;
			sourceTree = "<group>";
		};
/* End PBXGroup section */

/* Begin PBXNativeTarget section */
		21D29788269163BD004D7031 /* StockSafe */ = {
			isa = PBXNativeTarget;
			buildConfigurationList = 21D2979D269163C5004D7031 /* Build configuration list for PBXNativeTarget "StockSafe" */;
			buildPhases = (
				F9B7BA0A822B65B2F503A947 /* [CP] Check Pods Manifest.lock */,
				21D29785269163BD004D7031 /* Sources */,
				21D29786269163BD004D7031 /* Frameworks */,
				21D29787269163BD004D7031 /* Resources */,
				B95A05B8A1642F107DEAEDA0 /* [CP] Embed Pods Frameworks */,
				BBCF30D5BB11C80B0CB19376 /* [CP] Copy Pods Resources */,
			);
			buildRules = (
			);
			dependencies = (
			);
			name = StockSafe;
			productName = StockSafe;
			productReference = 21D29789269163BD004D7031 /* StockSafe.app */;
			productType = "com.apple.product-type.application";
		};
/* End PBXNativeTarget section */

/* Begin PBXProject section */
		21D29781269163BD004D7031 /* Project object */ = {
			isa = PBXProject;
			attributes = {
				LastSwiftUpdateCheck = 1250;
				LastUpgradeCheck = 1250;
				TargetAttributes = {
					21D29788269163BD004D7031 = {
						CreatedOnToolsVersion = 12.5;
					};
				};
			};
			buildConfigurationList = 21D29784269163BD004D7031 /* Build configuration list for PBXProject "StockSafe" */;
			compatibilityVersion = "Xcode 9.3";
			developmentRegion = en;
			hasScannedForEncodings = 0;
			knownRegions = (
				en,
				Base,
			);
			mainGroup = 21D29780269163BD004D7031;
			productRefGroup = 21D2978A269163BD004D7031 /* Products */;
			projectDirPath = "";
			projectRoot = "";
			targets = (
				21D29788269163BD004D7031 /* StockSafe */,
			);
		};
/* End PBXProject section */

/* Begin PBXResourcesBuildPhase section */
		21D29787269163BD004D7031 /* Resources */ = {
			isa = PBXResourcesBuildPhase;
			buildActionMask = 2147483647;
			files = (
				212599962693218A00FE747A /* redAlert.json in Resources */,
				21D29799269163C5004D7031 /* LaunchScreen.storyboard in Resources */,
				21D29796269163C5004D7031 /* Assets.xcassets in Resources */,
				212599942693218A00FE747A /* orangeAlert.json in Resources */,
				212599932693218A00FE747A /* noWiFi.json in Resources */,
				211CD56026916A7A001235CC /* GoogleService-Info.plist in Resources */,
				218A428F2691A5BD007CE09B /* Main.storyboard in Resources */,
				212599922693218A00FE747A /* loadingBox.json in Resources */,
				212599952693218A00FE747A /* expiredAlert.json in Resources */,
			);
			runOnlyForDeploymentPostprocessing = 0;
		};
/* End PBXResourcesBuildPhase section */

/* Begin PBXShellScriptBuildPhase section */
		B95A05B8A1642F107DEAEDA0 /* [CP] Embed Pods Frameworks */ = {
			isa = PBXShellScriptBuildPhase;
			buildActionMask = 2147483647;
			files = (
			);
			inputFileListPaths = (
				"${PODS_ROOT}/Target Support Files/Pods-StockSafe/Pods-StockSafe-frameworks-${CONFIGURATION}-input-files.xcfilelist",
			);
			name = "[CP] Embed Pods Frameworks";
			outputFileListPaths = (
				"${PODS_ROOT}/Target Support Files/Pods-StockSafe/Pods-StockSafe-frameworks-${CONFIGURATION}-output-files.xcfilelist",
			);
			runOnlyForDeploymentPostprocessing = 0;
			shellPath = /bin/sh;
			shellScript = "\"${PODS_ROOT}/Target Support Files/Pods-StockSafe/Pods-StockSafe-frameworks.sh\"\n";
			showEnvVarsInLog = 0;
		};
		BBCF30D5BB11C80B0CB19376 /* [CP] Copy Pods Resources */ = {
			isa = PBXShellScriptBuildPhase;
			buildActionMask = 2147483647;
			files = (
			);
			inputFileListPaths = (
				"${PODS_ROOT}/Target Support Files/Pods-StockSafe/Pods-StockSafe-resources-${CONFIGURATION}-input-files.xcfilelist",
			);
			name = "[CP] Copy Pods Resources";
			outputFileListPaths = (
				"${PODS_ROOT}/Target Support Files/Pods-StockSafe/Pods-StockSafe-resources-${CONFIGURATION}-output-files.xcfilelist",
			);
			runOnlyForDeploymentPostprocessing = 0;
			shellPath = /bin/sh;
			shellScript = "\"${PODS_ROOT}/Target Support Files/Pods-StockSafe/Pods-StockSafe-resources.sh\"\n";
			showEnvVarsInLog = 0;
		};
		F9B7BA0A822B65B2F503A947 /* [CP] Check Pods Manifest.lock */ = {
			isa = PBXShellScriptBuildPhase;
			buildActionMask = 2147483647;
			files = (
			);
			inputFileListPaths = (
			);
			inputPaths = (
				"${PODS_PODFILE_DIR_PATH}/Podfile.lock",
				"${PODS_ROOT}/Manifest.lock",
			);
			name = "[CP] Check Pods Manifest.lock";
			outputFileListPaths = (
			);
			outputPaths = (
				"$(DERIVED_FILE_DIR)/Pods-StockSafe-checkManifestLockResult.txt",
			);
			runOnlyForDeploymentPostprocessing = 0;
			shellPath = /bin/sh;
			shellScript = "diff \"${PODS_PODFILE_DIR_PATH}/Podfile.lock\" \"${PODS_ROOT}/Manifest.lock\" > /dev/null\nif [ $? != 0 ] ; then\n    # print error to STDERR\n    echo \"error: The sandbox is not in sync with the Podfile.lock. Run 'pod install' or update your CocoaPods installation.\" >&2\n    exit 1\nfi\n# This output is used by Xcode 'outputs' to avoid re-running this script phase.\necho \"SUCCESS\" > \"${SCRIPT_OUTPUT_FILE_0}\"\n";
			showEnvVarsInLog = 0;
		};
/* End PBXShellScriptBuildPhase section */

/* Begin PBXSourcesBuildPhase section */
		21D29785269163BD004D7031 /* Sources */ = {
			isa = PBXSourcesBuildPhase;
			buildActionMask = 2147483647;
			files = (
				2125998B2693210300FE747A /* SubscriptionViewController.swift in Sources */,
				212599AD269321D600FE747A /* LimitCell.swift in Sources */,
				212599822693210300FE747A /* NewCasesViewController.swift in Sources */,
				212599BC269321FA00FE747A /* ProductLocationCollectionHeader.swift in Sources */,
				212599BA269321FA00FE747A /* StockingHistoryView.swift in Sources */,
				2125999D269321AD00FE747A /* ProductDataObject.swift in Sources */,
				2125997E2693210300FE747A /* HomeViewController.swift in Sources */,
				212599AE269321D600FE747A /* FieldCell.swift in Sources */,
				21A275C82696344B008FDC3E /* ColorSelectViewController.swift in Sources */,
				212599882693210300FE747A /* LoginViewController.swift in Sources */,
				212599892693210300FE747A /* CreateAccountViewController.swift in Sources */,
				21A275CA26982266008FDC3E /* UIViewDesigner.swift in Sources */,
				21D2978D269163BD004D7031 /* AppDelegate.swift in Sources */,
				212599872693210300FE747A /* ExpiredCasesViewController.swift in Sources */,
				21C3875B2691659C00D17F45 /* HexColors.swift in Sources */,
				212599802693210300FE747A /* AccountInfoViewController.swift in Sources */,
				2125999B269321AD00FE747A /* StockingData.swift in Sources */,
				212599A8269321D600FE747A /* TitleCell.swift in Sources */,
				212599BE269321FA00FE747A /* LoadingView.swift in Sources */,
				212599BB269321FA00FE747A /* ProductCollectionView.swift in Sources */,
				2125997D2693210300FE747A /* StockCasesViewController.swift in Sources */,
				212599AC269321D600FE747A /* ProductLocationCollectionCell.swift in Sources */,
				212599812693210300FE747A /* SetLimitsViewController.swift in Sources */,
				21A275C02695F187008FDC3E /* ProductInfoCell.swift in Sources */,
				21A275BE2695ED9C008FDC3E /* ProductInfoViewController.swift in Sources */,
				212599AB269321D600FE747A /* ExpiredCaseCell.swift in Sources */,
				2125998A2693210300FE747A /* SettingsViewController.swift in Sources */,
				212599842693210300FE747A /* TutorialViewController.swift in Sources */,
				212599BF269321FA00FE747A /* DestinationCollectionView.swift in Sources */,
				2125999C269321AD00FE747A /* CaseDataObject.swift in Sources */,
				212599AF269321D600FE747A /* SignOutCell.swift in Sources */,
				21A275B92695D286008FDC3E /* ProductDashboardViewController.swift in Sources */,
				212599B9269321FA00FE747A /* LocationCollectionView.swift in Sources */,
				21A275CC269846CF008FDC3E /* CollectionViewLeadingFlowLayout.swift in Sources */,
				212599B0269321D600FE747A /* HistoryCell.swift in Sources */,
				21D2978F269163BD004D7031 /* SceneDelegate.swift in Sources */,
				212599AA269321D600FE747A /* ProductCell.swift in Sources */,
				212599BD269321FA00FE747A /* NotConnectedView.swift in Sources */,
				21A275C626963258008FDC3E /* AddProductViewController.swift in Sources */,
				212599862693210300FE747A /* DeleteCasesViewController.swift in Sources */,
				212599A9269321D600FE747A /* LimitSwitchCell.swift in Sources */,
				21A275B72695CD31008FDC3E /* ProductDashboardCell.swift in Sources */,
			);
			runOnlyForDeploymentPostprocessing = 0;
		};
/* End PBXSourcesBuildPhase section */

/* Begin PBXVariantGroup section */
		21D29792269163BD004D7031 /* Main.storyboard */ = {
			isa = PBXVariantGroup;
			children = (
				21D29793269163BD004D7031 /* Base */,
			);
			name = Main.storyboard;
			path = StockSafe;
			sourceTree = SOURCE_ROOT;
		};
		21D29797269163C5004D7031 /* LaunchScreen.storyboard */ = {
			isa = PBXVariantGroup;
			children = (
				21D29798269163C5004D7031 /* Base */,
			);
			name = LaunchScreen.storyboard;
			sourceTree = "<group>";
		};
/* End PBXVariantGroup section */

/* Begin XCBuildConfiguration section */
		21D2979B269163C5004D7031 /* Debug */ = {
			isa = XCBuildConfiguration;
			buildSettings = {
				ALWAYS_SEARCH_USER_PATHS = NO;
				CLANG_ANALYZER_NONNULL = YES;
				CLANG_ANALYZER_NUMBER_OBJECT_CONVERSION = YES_AGGRESSIVE;
				CLANG_CXX_LANGUAGE_STANDARD = "gnu++14";
				CLANG_CXX_LIBRARY = "libc++";
				CLANG_ENABLE_MODULES = YES;
				CLANG_ENABLE_OBJC_ARC = YES;
				CLANG_ENABLE_OBJC_WEAK = YES;
				CLANG_WARN_BLOCK_CAPTURE_AUTORELEASING = YES;
				CLANG_WARN_BOOL_CONVERSION = YES;
				CLANG_WARN_COMMA = YES;
				CLANG_WARN_CONSTANT_CONVERSION = YES;
				CLANG_WARN_DEPRECATED_OBJC_IMPLEMENTATIONS = YES;
				CLANG_WARN_DIRECT_OBJC_ISA_USAGE = YES_ERROR;
				CLANG_WARN_DOCUMENTATION_COMMENTS = YES;
				CLANG_WARN_EMPTY_BODY = YES;
				CLANG_WARN_ENUM_CONVERSION = YES;
				CLANG_WARN_INFINITE_RECURSION = YES;
				CLANG_WARN_INT_CONVERSION = YES;
				CLANG_WARN_NON_LITERAL_NULL_CONVERSION = YES;
				CLANG_WARN_OBJC_IMPLICIT_RETAIN_SELF = YES;
				CLANG_WARN_OBJC_LITERAL_CONVERSION = YES;
				CLANG_WARN_OBJC_ROOT_CLASS = YES_ERROR;
				CLANG_WARN_QUOTED_INCLUDE_IN_FRAMEWORK_HEADER = YES;
				CLANG_WARN_RANGE_LOOP_ANALYSIS = YES;
				CLANG_WARN_STRICT_PROTOTYPES = YES;
				CLANG_WARN_SUSPICIOUS_MOVE = YES;
				CLANG_WARN_UNGUARDED_AVAILABILITY = YES_AGGRESSIVE;
				CLANG_WARN_UNREACHABLE_CODE = YES;
				CLANG_WARN__DUPLICATE_METHOD_MATCH = YES;
				COPY_PHASE_STRIP = NO;
				DEBUG_INFORMATION_FORMAT = dwarf;
				ENABLE_STRICT_OBJC_MSGSEND = YES;
				ENABLE_TESTABILITY = YES;
				GCC_C_LANGUAGE_STANDARD = gnu11;
				GCC_DYNAMIC_NO_PIC = NO;
				GCC_NO_COMMON_BLOCKS = YES;
				GCC_OPTIMIZATION_LEVEL = 0;
				GCC_PREPROCESSOR_DEFINITIONS = (
					"DEBUG=1",
					"$(inherited)",
				);
				GCC_WARN_64_TO_32_BIT_CONVERSION = YES;
				GCC_WARN_ABOUT_RETURN_TYPE = YES_ERROR;
				GCC_WARN_UNDECLARED_SELECTOR = YES;
				GCC_WARN_UNINITIALIZED_AUTOS = YES_AGGRESSIVE;
				GCC_WARN_UNUSED_FUNCTION = YES;
				GCC_WARN_UNUSED_VARIABLE = YES;
				IPHONEOS_DEPLOYMENT_TARGET = 14.5;
				MTL_ENABLE_DEBUG_INFO = INCLUDE_SOURCE;
				MTL_FAST_MATH = YES;
				ONLY_ACTIVE_ARCH = YES;
				SDKROOT = iphoneos;
				SWIFT_ACTIVE_COMPILATION_CONDITIONS = DEBUG;
				SWIFT_OPTIMIZATION_LEVEL = "-Onone";
			};
			name = Debug;
		};
		21D2979C269163C5004D7031 /* Release */ = {
			isa = XCBuildConfiguration;
			buildSettings = {
				ALWAYS_SEARCH_USER_PATHS = NO;
				CLANG_ANALYZER_NONNULL = YES;
				CLANG_ANALYZER_NUMBER_OBJECT_CONVERSION = YES_AGGRESSIVE;
				CLANG_CXX_LANGUAGE_STANDARD = "gnu++14";
				CLANG_CXX_LIBRARY = "libc++";
				CLANG_ENABLE_MODULES = YES;
				CLANG_ENABLE_OBJC_ARC = YES;
				CLANG_ENABLE_OBJC_WEAK = YES;
				CLANG_WARN_BLOCK_CAPTURE_AUTORELEASING = YES;
				CLANG_WARN_BOOL_CONVERSION = YES;
				CLANG_WARN_COMMA = YES;
				CLANG_WARN_CONSTANT_CONVERSION = YES;
				CLANG_WARN_DEPRECATED_OBJC_IMPLEMENTATIONS = YES;
				CLANG_WARN_DIRECT_OBJC_ISA_USAGE = YES_ERROR;
				CLANG_WARN_DOCUMENTATION_COMMENTS = YES;
				CLANG_WARN_EMPTY_BODY = YES;
				CLANG_WARN_ENUM_CONVERSION = YES;
				CLANG_WARN_INFINITE_RECURSION = YES;
				CLANG_WARN_INT_CONVERSION = YES;
				CLANG_WARN_NON_LITERAL_NULL_CONVERSION = YES;
				CLANG_WARN_OBJC_IMPLICIT_RETAIN_SELF = YES;
				CLANG_WARN_OBJC_LITERAL_CONVERSION = YES;
				CLANG_WARN_OBJC_ROOT_CLASS = YES_ERROR;
				CLANG_WARN_QUOTED_INCLUDE_IN_FRAMEWORK_HEADER = YES;
				CLANG_WARN_RANGE_LOOP_ANALYSIS = YES;
				CLANG_WARN_STRICT_PROTOTYPES = YES;
				CLANG_WARN_SUSPICIOUS_MOVE = YES;
				CLANG_WARN_UNGUARDED_AVAILABILITY = YES_AGGRESSIVE;
				CLANG_WARN_UNREACHABLE_CODE = YES;
				CLANG_WARN__DUPLICATE_METHOD_MATCH = YES;
				COPY_PHASE_STRIP = NO;
				DEBUG_INFORMATION_FORMAT = "dwarf-with-dsym";
				ENABLE_NS_ASSERTIONS = NO;
				ENABLE_STRICT_OBJC_MSGSEND = YES;
				GCC_C_LANGUAGE_STANDARD = gnu11;
				GCC_NO_COMMON_BLOCKS = YES;
				GCC_WARN_64_TO_32_BIT_CONVERSION = YES;
				GCC_WARN_ABOUT_RETURN_TYPE = YES_ERROR;
				GCC_WARN_UNDECLARED_SELECTOR = YES;
				GCC_WARN_UNINITIALIZED_AUTOS = YES_AGGRESSIVE;
				GCC_WARN_UNUSED_FUNCTION = YES;
				GCC_WARN_UNUSED_VARIABLE = YES;
				IPHONEOS_DEPLOYMENT_TARGET = 14.5;
				MTL_ENABLE_DEBUG_INFO = NO;
				MTL_FAST_MATH = YES;
				SDKROOT = iphoneos;
				SWIFT_COMPILATION_MODE = wholemodule;
				SWIFT_OPTIMIZATION_LEVEL = "-O";
				VALIDATE_PRODUCT = YES;
			};
			name = Release;
		};
		21D2979E269163C5004D7031 /* Debug */ = {
			isa = XCBuildConfiguration;
			baseConfigurationReference = A1EFE029609C759C92963FEA /* Pods-StockSafe.debug.xcconfig */;
			buildSettings = {
				ASSETCATALOG_COMPILER_APPICON_NAME = AppIcon;
				ASSETCATALOG_COMPILER_GLOBAL_ACCENT_COLOR_NAME = AccentColor;
				CODE_SIGN_STYLE = Automatic;
				DEVELOPMENT_TEAM = X87SB8266V;
				INFOPLIST_FILE = StockSafe/Info.plist;
				LD_RUNPATH_SEARCH_PATHS = (
					"$(inherited)",
					"@executable_path/Frameworks",
				);
				PRODUCT_BUNDLE_IDENTIFIER = ink.sagacity.StockSafe;
				PRODUCT_NAME = "$(TARGET_NAME)";
				SWIFT_VERSION = 5.0;
				TARGETED_DEVICE_FAMILY = 2;
			};
			name = Debug;
		};
		21D2979F269163C5004D7031 /* Release */ = {
			isa = XCBuildConfiguration;
			baseConfigurationReference = 423A391A591A4134B97033F6 /* Pods-StockSafe.release.xcconfig */;
			buildSettings = {
				ASSETCATALOG_COMPILER_APPICON_NAME = AppIcon;
				ASSETCATALOG_COMPILER_GLOBAL_ACCENT_COLOR_NAME = AccentColor;
				CODE_SIGN_STYLE = Automatic;
				DEVELOPMENT_TEAM = X87SB8266V;
				INFOPLIST_FILE = StockSafe/Info.plist;
				LD_RUNPATH_SEARCH_PATHS = (
					"$(inherited)",
					"@executable_path/Frameworks",
				);
				PRODUCT_BUNDLE_IDENTIFIER = ink.sagacity.StockSafe;
				PRODUCT_NAME = "$(TARGET_NAME)";
				SWIFT_VERSION = 5.0;
				TARGETED_DEVICE_FAMILY = 2;
			};
			name = Release;
		};
/* End XCBuildConfiguration section */

/* Begin XCConfigurationList section */
		21D29784269163BD004D7031 /* Build configuration list for PBXProject "StockSafe" */ = {
			isa = XCConfigurationList;
			buildConfigurations = (
				21D2979B269163C5004D7031 /* Debug */,
				21D2979C269163C5004D7031 /* Release */,
			);
			defaultConfigurationIsVisible = 0;
			defaultConfigurationName = Release;
		};
		21D2979D269163C5004D7031 /* Build configuration list for PBXNativeTarget "StockSafe" */ = {
			isa = XCConfigurationList;
			buildConfigurations = (
				21D2979E269163C5004D7031 /* Debug */,
				21D2979F269163C5004D7031 /* Release */,
			);
			defaultConfigurationIsVisible = 0;
			defaultConfigurationName = Release;
		};
/* End XCConfigurationList section */
	};
	rootObject = 21D29781269163BD004D7031 /* Project object */;
}
